PODS:
  - AFNetworking (3.1.0):
    - AFNetworking/NSURLSession (= 3.1.0)
    - AFNetworking/Reachability (= 3.1.0)
    - AFNetworking/Security (= 3.1.0)
    - AFNetworking/Serialization (= 3.1.0)
    - AFNetworking/UIKit (= 3.1.0)
  - AFNetworking/NSURLSession (3.1.0):
    - AFNetworking/Reachability
    - AFNetworking/Security
    - AFNetworking/Serialization
  - AFNetworking/Reachability (3.1.0)
  - AFNetworking/Security (3.1.0)
  - AFNetworking/Serialization (3.1.0)
  - AFNetworking/UIKit (3.1.0):
    - AFNetworking/NSURLSession
  - AliyunOSSiOS (2.10.7)
  - Bugly (2.5.0)
  - DACircularProgress (2.3.1)
  - EaseUI (3.4.2):
    - Hyphenate (~> 3.4.2)
    - MJRefresh (~> 3.1.0)
    - MWPhotoBrowser (~> 2.1.1)
  - FMDB (2.7.2):
    - FMDB/standard (= 2.7.2)
  - FMDB/standard (2.7.2)
  - Hyphenate (3.4.3)
  - JCore (1.2.1)
  - JPush (3.1.0):
    - JCore (~> 1.2.0)
  - KVOController (1.2.0)
  - Masonry (1.1.0)
  - MBProgressHUD (0.9.2)
  - MJRefresh (3.1.15.3)
  - MWPhotoBrowser (2.1.2):
    - DACircularProgress (~> 2.3)
    - MBProgressHUD (~> 0.9)
    - "SDWebImage (!= 3.7.2, ~> 3.7)"
  - SDWebImage (3.8.2):
    - SDWebImage/Core (= 3.8.2)
  - SDWebImage/Core (3.8.2)
  - SGQRCode (3.0.1)
  - UMCAnalytics (5.5.0):
    - UMCCommon
  - UMCCommon (1.5.2)
  - UMCErrorCatch (1.0.0):
    - UMCCommon
  - UMCShare/Core (6.9.4):
    - UMCCommon
  - UMCShare/Social/ReducedQQ (6.9.4):
    - UMCCommon
    - UMCShare/Core
  - UMCShare/Social/ReducedSina (6.9.4):
    - UMCCommon
    - UMCShare/Core
  - UMCShare/Social/ReducedWeChat (6.9.4):
    - UMCCommon
    - UMCShare/Core
  - UMCShare/Social/TencentWeibo (6.9.4):
    - UMCCommon
    - UMCShare/Core
  - UMCShare/UI (6.9.4):
    - UMCCommon
    - UMCShare/Core
  - WechatOpenSDK (1.8.2)
  - YYModel (1.0.4)

DEPENDENCIES:
  - AFNetworking (~> 3.1.0)
  - AliyunOSSiOS
  - Bugly (~> 2.5.0)
  - EaseUI (from `https://github.com/easemob/easeui-ios-hyphenate-cocoapods.git`)
  - FMDB
  - Hyphenate
  - JPush
  - KVOController
  - Masonry (~> 1.1.0)
  - MBProgressHUD (~> 0.9)
  - MJRefresh (~> 3.1.15.1)
  - SDWebImage (~> 3.7)
  - SGQRCode (~> 3.0.1)
  - UMCAnalytics
  - UMCErrorCatch
  - UMCShare/Social/ReducedQQ
  - UMCShare/Social/ReducedSina
  - UMCShare/Social/ReducedWeChat
  - UMCShare/Social/TencentWeibo
  - UMCShare/UI
  - WechatOpenSDK
  - YYModel (~> 1.0.4)

SPEC REPOS:
  https://github.com/CocoaPods/Specs.git:
    - AFNetworking
    - AliyunOSSiOS
    - Bugly
    - DACircularProgress
    - FMDB
    - Hyphenate
    - JCore
    - JPush
    - KVOController
    - Masonry
    - MBProgressHUD
    - MJRefresh
    - MWPhotoBrowser
    - SDWebImage
    - UMCAnalytics
    - UMCCommon
    - UMCErrorCatch
    - UMCShare
    - WechatOpenSDK
    - YYModel
  trunk:
    - SGQRCode

EXTERNAL SOURCES:
  EaseUI:
    :git: https://github.com/easemob/easeui-ios-hyphenate-cocoapods.git

CHECKOUT OPTIONS:
  EaseUI:
    :commit: 2f3896a9e558c2f8357f30f20301cb735f7b08c0
    :git: https://github.com/easemob/easeui-ios-hyphenate-cocoapods.git

SPEC CHECKSUMS:
  AFNetworking: 5e0e199f73d8626b11e79750991f5d173d1f8b67
  AliyunOSSiOS: 602b6a4e70e62a5f0a6431c20496343141d7e66f
  Bugly: 3ca9f255c01025582df26f9222893b383c7e4b4e
  DACircularProgress: 4dd437c0fc3da5161cb289e07ac449493d41db71
  EaseUI: f2c232107d164eb43d33f4fd9b6915d1dfb28c7e
  FMDB: 6198a90e7b6900cfc046e6bc0ef6ebb7be9236aa
  Hyphenate: 25481379f376625823f21b91f6bbde44bb2a2e01
  JCore: 467b5b56bd367c548f88ee1b5794d94ee07ab319
  JPush: 5921e25ad13e0386351079217b009f2039084eac
  KVOController: d72ace34afea42468329623b3379ab3cd1d286b6
  Masonry: 678fab65091a9290e40e2832a55e7ab731aad201
  MBProgressHUD: 1569cf7ace17a8bac47aabfbb8580a49690386d1
  MJRefresh: b48380ae2b927b46c4ef000de9adb8dc748e1df7
  MWPhotoBrowser: 5836d7aa041dc05a13de380c246826578adc5ea5
  SDWebImage: 098e97e6176540799c27e804c96653ee0833d13c
  SGQRCode: bf02d60e18d6660a9d75ff1c8b9b467f064f054e
  UMCAnalytics: 4667788559a72f2fa5077117d1b8802a3b6eb6bb
  UMCCommon: 4392868ac47ff1b101663106bb114ba616fabbad
  UMCErrorCatch: 51f1b68f920233e90a3fa6d51f0456174507ec78
  UMCShare: aa233aecad67979930fe43f3a2f676023b669439
  WechatOpenSDK: 676feec516a11173eafd1fe64b10d27babf28701
  YYModel: 2a7fdd96aaa4b86a824e26d0c517de8928c04b30

PODFILE CHECKSUM: 8ba1f7f9a69742fa88f01c1eaf55a20dfca0db36

COCOAPODS: 1.8.4
