// !$*UTF8*$!
{
	archiveVersion = 1;
	classes = {
	};
	objectVersion = 48;
	objects = {

/* Begin PBXBuildFile section */
		8112E3B3204541AE00419BC9 /* YQLRUManager.m in Sources */ = {isa = PBXBuildFile; fileRef = 8112E383204541AE00419BC9 /* YQLRUManager.m */; };
		8112E3B4204541AE00419BC9 /* YQDiskCache.m in Sources */ = {isa = PBXBuildFile; fileRef = 8112E384204541AE00419BC9 /* YQDiskCache.m */; };
		8112E3B5204541AE00419BC9 /* YQMemoryCache.m in Sources */ = {isa = PBXBuildFile; fileRef = 8112E385204541AE00419BC9 /* YQMemoryCache.m */; };
		8112E3B6204541AE00419BC9 /* YQCacheManager.m in Sources */ = {isa = PBXBuildFile; fileRef = 8112E389204541AE00419BC9 /* YQCacheManager.m */; };
		8112E3B7204541AE00419BC9 /* YQNetworking+RequestManager.m in Sources */ = {isa = PBXBuildFile; fileRef = 8112E38D204541AE00419BC9 /* YQNetworking+RequestManager.m */; };
		8112E3B8204541AE00419BC9 /* YQNetworking.m in Sources */ = {isa = PBXBuildFile; fileRef = 8112E38E204541AE00419BC9 /* YQNetworking.m */; };
		816CCD1D2009ED24009E03D2 /* BHVersionTool.m in Sources */ = {isa = PBXBuildFile; fileRef = 816CCD1B2009ED24009E03D2 /* BHVersionTool.m */; };
		816CCD202009F06A009E03D2 /* BTEUpgradeViewController.m in Sources */ = {isa = PBXBuildFile; fileRef = 816CCD1F2009F06A009E03D2 /* BTEUpgradeViewController.m */; };
		8179AD44200736C4001678D2 /* main.m in Sources */ = {isa = PBXBuildFile; fileRef = 8179AD43200736C4001678D2 /* main.m */; };
		8179AD4E200736C4001678D2 /* BTETests.m in Sources */ = {isa = PBXBuildFile; fileRef = 8179AD4D200736C4001678D2 /* BTETests.m */; };
		8179AD59200736C4001678D2 /* BTEUITests.m in Sources */ = {isa = PBXBuildFile; fileRef = 8179AD58200736C4001678D2 /* BTEUITests.m */; };
		8179AE2020085DB5001678D2 /* NSObject+entend.m in Sources */ = {isa = PBXBuildFile; fileRef = 8179ADDF20085DAB001678D2 /* NSObject+entend.m */; };
		8179AE2120085DB5001678D2 /* UITextField+WLB.m in Sources */ = {isa = PBXBuildFile; fileRef = 8179ADE320085DAB001678D2 /* UITextField+WLB.m */; };
		8179AE2220085DB5001678D2 /* UIView+Animation.m in Sources */ = {isa = PBXBuildFile; fileRef = 8179ADE420085DAC001678D2 /* UIView+Animation.m */; };
		8179AE2320085DB5001678D2 /* NSObject+swizzling.m in Sources */ = {isa = PBXBuildFile; fileRef = 8179ADE620085DAC001678D2 /* NSObject+swizzling.m */; };
		8179AE2420085DB5001678D2 /* WLScaleLayoutConstrain.m in Sources */ = {isa = PBXBuildFile; fileRef = 8179ADE720085DAC001678D2 /* WLScaleLayoutConstrain.m */; };
		8179AE2520085DB5001678D2 /* UIFont+extension.m in Sources */ = {isa = PBXBuildFile; fileRef = 8179ADE920085DAC001678D2 /* UIFont+extension.m */; };
		8179AE2620085DB5001678D2 /* NSMutableArray+safe.m in Sources */ = {isa = PBXBuildFile; fileRef = 8179ADEB20085DAD001678D2 /* NSMutableArray+safe.m */; };
		8179AE2720085DB5001678D2 /* NSString+MD5.m in Sources */ = {isa = PBXBuildFile; fileRef = 8179ADED20085DAD001678D2 /* NSString+MD5.m */; };
		8179AE2820085DB5001678D2 /* UIImage+category.m in Sources */ = {isa = PBXBuildFile; fileRef = 8179ADEF20085DAD001678D2 /* UIImage+category.m */; };
		8179AE2920085DB5001678D2 /* UIView+Extend.m in Sources */ = {isa = PBXBuildFile; fileRef = 8179ADF120085DAD001678D2 /* UIView+Extend.m */; };
		8179AE2A20085DB5001678D2 /* NullSafe.m in Sources */ = {isa = PBXBuildFile; fileRef = 8179ADF320085DAE001678D2 /* NullSafe.m */; };
		8179AE2B20085DB5001678D2 /* NSDictionary+safe.m in Sources */ = {isa = PBXBuildFile; fileRef = 8179ADF420085DAE001678D2 /* NSDictionary+safe.m */; };
		8179AE2C20085DB5001678D2 /* UIButton+avoidMultiTouch.m in Sources */ = {isa = PBXBuildFile; fileRef = 8179ADF520085DAE001678D2 /* UIButton+avoidMultiTouch.m */; };
		8179AE2D20085DB5001678D2 /* NSArray+description.m in Sources */ = {isa = PBXBuildFile; fileRef = 8179ADF620085DAE001678D2 /* NSArray+description.m */; };
		8179AE2E20085DB5001678D2 /* NSObject+JSONParse.m in Sources */ = {isa = PBXBuildFile; fileRef = 8179ADF920085DAF001678D2 /* NSObject+JSONParse.m */; };
		8179AE2F20085DB5001678D2 /* UIBarButtonItem+XboyItem.m in Sources */ = {isa = PBXBuildFile; fileRef = 8179ADFA20085DAF001678D2 /* UIBarButtonItem+XboyItem.m */; };
		8179AE3020085DB5001678D2 /* NSString+Size.m in Sources */ = {isa = PBXBuildFile; fileRef = 8179ADFC20085DAF001678D2 /* NSString+Size.m */; };
		8179AE3120085DB5001678D2 /* CALayer+Additions.m in Sources */ = {isa = PBXBuildFile; fileRef = 8179ADFF20085DAF001678D2 /* CALayer+Additions.m */; };
		8179AE3220085DB5001678D2 /* UIAlertController+supportedInterfaceOrientations.m in Sources */ = {isa = PBXBuildFile; fileRef = 8179AE0020085DB0001678D2 /* UIAlertController+supportedInterfaceOrientations.m */; };
		8179AE3320085DB5001678D2 /* UIViewController+extend.m in Sources */ = {isa = PBXBuildFile; fileRef = 8179AE0120085DB0001678D2 /* UIViewController+extend.m */; };
		8179AE3420085DB5001678D2 /* UIView+Frame.m in Sources */ = {isa = PBXBuildFile; fileRef = 8179AE0220085DB0001678D2 /* UIView+Frame.m */; };
		8179AE3720085DB5001678D2 /* NSString+CommonFunc.m in Sources */ = {isa = PBXBuildFile; fileRef = 8179AE0720085DB1001678D2 /* NSString+CommonFunc.m */; };
		8179AE3820085DB5001678D2 /* UIButton+EnlargeEdge.m in Sources */ = {isa = PBXBuildFile; fileRef = 8179AE0820085DB1001678D2 /* UIButton+EnlargeEdge.m */; };
		8179AE3920085DB5001678D2 /* UIImage+help.m in Sources */ = {isa = PBXBuildFile; fileRef = 8179AE0C20085DB1001678D2 /* UIImage+help.m */; };
		8179AE3A20085DB5001678D2 /* UIColor+Externsion.m in Sources */ = {isa = PBXBuildFile; fileRef = 8179AE0F20085DB2001678D2 /* UIColor+Externsion.m */; };
		8179AE3B20085DB5001678D2 /* UIImage+Scale.m in Sources */ = {isa = PBXBuildFile; fileRef = 8179AE1020085DB2001678D2 /* UIImage+Scale.m */; };
		8179AE3C20085DB5001678D2 /* NSString+category.m in Sources */ = {isa = PBXBuildFile; fileRef = 8179AE1220085DB2001678D2 /* NSString+category.m */; };
		8179AE3D20085DB5001678D2 /* UILabel+category.m in Sources */ = {isa = PBXBuildFile; fileRef = 8179AE1320085DB3001678D2 /* UILabel+category.m */; };
		8179AE3E20085DB5001678D2 /* NSMutableAttributedString+extension.m in Sources */ = {isa = PBXBuildFile; fileRef = 8179AE1420085DB3001678D2 /* NSMutableAttributedString+extension.m */; };
		8179AE3F20085DB5001678D2 /* NSTimer+addition.m in Sources */ = {isa = PBXBuildFile; fileRef = 8179AE1520085DB3001678D2 /* NSTimer+addition.m */; };
		8179AE4020085DB5001678D2 /* NSDate+Categoey.m in Sources */ = {isa = PBXBuildFile; fileRef = 8179AE1620085DB3001678D2 /* NSDate+Categoey.m */; };
		8179AE4120085DB5001678D2 /* NSNull+safe.m in Sources */ = {isa = PBXBuildFile; fileRef = 8179AE1820085DB3001678D2 /* NSNull+safe.m */; };
		8179AE4220085DB5001678D2 /* UIView+UIStatusBar.m in Sources */ = {isa = PBXBuildFile; fileRef = 8179AE1920085DB4001678D2 /* UIView+UIStatusBar.m */; };
		8179AE4320085DB5001678D2 /* UIView+category.m in Sources */ = {isa = PBXBuildFile; fileRef = 8179AE1B20085DB4001678D2 /* UIView+category.m */; };
		8179AE5420085FAA001678D2 /* BHProgressHUD.m in Sources */ = {isa = PBXBuildFile; fileRef = 8179AE4A20085FA8001678D2 /* BHProgressHUD.m */; };
		8179AE5520085FAA001678D2 /* BHArticleShareVIew in Resources */ = {isa = PBXBuildFile; fileRef = 8179AE4B20085FA8001678D2 /* BHArticleShareVIew */; };
		8179AE5620085FAA001678D2 /* BHAdvisoryShareView in Resources */ = {isa = PBXBuildFile; fileRef = 8179AE4C20085FA9001678D2 /* BHAdvisoryShareView */; };
		8179AE5720085FAA001678D2 /* BHNetworkErrorView in Resources */ = {isa = PBXBuildFile; fileRef = 8179AE4D20085FA9001678D2 /* BHNetworkErrorView */; };
		8179AE5820085FAA001678D2 /* ScreenBlurry in Resources */ = {isa = PBXBuildFile; fileRef = 8179AE4F20085FA9001678D2 /* ScreenBlurry */; };
		8179AE5920085FAA001678D2 /* BHNoDataTipVIew in Resources */ = {isa = PBXBuildFile; fileRef = 8179AE5020085FA9001678D2 /* BHNoDataTipVIew */; };
		8179AE5A20085FAA001678D2 /* BHToast.m in Sources */ = {isa = PBXBuildFile; fileRef = 8179AE5220085FA9001678D2 /* BHToast.m */; };
		8179AE5B20085FAA001678D2 /* BHNightModeView in Resources */ = {isa = PBXBuildFile; fileRef = 8179AE5320085FAA001678D2 /* BHNightModeView */; };
		8179AE8120086175001678D2 /* SSKeychain.strings in Resources */ = {isa = PBXBuildFile; fileRef = 8179AE6720086175001678D2 /* SSKeychain.strings */; };
		8179AE8220086175001678D2 /* SSKeychain.m in Sources */ = {isa = PBXBuildFile; fileRef = 8179AE6820086175001678D2 /* SSKeychain.m */; };
		8179AE8320086175001678D2 /* SSKeychainQuery.m in Sources */ = {isa = PBXBuildFile; fileRef = 8179AE6920086175001678D2 /* SSKeychainQuery.m */; };
		8179AE8520086175001678D2 /* EAIntroView.m in Sources */ = {isa = PBXBuildFile; fileRef = 8179AE7020086175001678D2 /* EAIntroView.m */; };
		8179AE8620086175001678D2 /* EAIntroPage.m in Sources */ = {isa = PBXBuildFile; fileRef = 8179AE7120086175001678D2 /* EAIntroPage.m */; };
		8179AE8720086175001678D2 /* DSJSONRPCError.m in Sources */ = {isa = PBXBuildFile; fileRef = 8179AE7420086175001678D2 /* DSJSONRPCError.m */; };
		8179AE8820086175001678D2 /* DSJSONRPC.m in Sources */ = {isa = PBXBuildFile; fileRef = 8179AE7620086175001678D2 /* DSJSONRPC.m */; };
		8179AE8920086175001678D2 /* UIView+LLSegmentBar.m in Sources */ = {isa = PBXBuildFile; fileRef = 8179AE7920086175001678D2 /* UIView+LLSegmentBar.m */; };
		8179AE8A20086175001678D2 /* LLSegmentBarConfig.m in Sources */ = {isa = PBXBuildFile; fileRef = 8179AE7D20086175001678D2 /* LLSegmentBarConfig.m */; };
		8179AE8B20086175001678D2 /* LLSegmentBar.m in Sources */ = {isa = PBXBuildFile; fileRef = 8179AE7F20086175001678D2 /* LLSegmentBar.m */; };
		8179AE8C20086175001678D2 /* LLSegmentBarVC.m in Sources */ = {isa = PBXBuildFile; fileRef = 8179AE8020086175001678D2 /* LLSegmentBarVC.m */; };
		8179AE9C20086181001678D2 /* BHHexColor.m in Sources */ = {isa = PBXBuildFile; fileRef = 8179AE8E20086181001678D2 /* BHHexColor.m */; };
		8179AEA420087E53001678D2 /* BTERequestTools.m in Sources */ = {isa = PBXBuildFile; fileRef = 8179AEA320087E53001678D2 /* BTERequestTools.m */; };
		8179AED820089D43001678D2 /* AppDelegate.m in Sources */ = {isa = PBXBuildFile; fileRef = 8179AED720089D43001678D2 /* AppDelegate.m */; };
		8179AEDB20089DA3001678D2 /* Assets.xcassets in Resources */ = {isa = PBXBuildFile; fileRef = 8179AEDA20089DA3001678D2 /* Assets.xcassets */; };
		8179AEDD20089DB5001678D2 /* Info.plist in Resources */ = {isa = PBXBuildFile; fileRef = 8179AEDC20089DB4001678D2 /* Info.plist */; };
		8179AF0B2008A08C001678D2 /* BHGuideVC.m in Sources */ = {isa = PBXBuildFile; fileRef = 8179AEFB2008A08C001678D2 /* BHGuideVC.m */; };
		8179AF0C2008A08C001678D2 /* BHNavigationController.m in Sources */ = {isa = PBXBuildFile; fileRef = 8179AEFF2008A08C001678D2 /* BHNavigationController.m */; };
		8179AF0E2008A08C001678D2 /* BHBaseWebViewVC.m in Sources */ = {isa = PBXBuildFile; fileRef = 8179AF052008A08C001678D2 /* BHBaseWebViewVC.m */; };
		8179AF0F2008A08C001678D2 /* BHBaseController.m in Sources */ = {isa = PBXBuildFile; fileRef = 8179AF062008A08C001678D2 /* BHBaseController.m */; };
		8179AF102008A08C001678D2 /* BHBaseTableController.m in Sources */ = {isa = PBXBuildFile; fileRef = 8179AF0A2008A08C001678D2 /* BHBaseTableController.m */; };
		8179AF142008A3BA001678D2 /* BTEHomePageViewController.m in Sources */ = {isa = PBXBuildFile; fileRef = 8179AF132008A3BA001678D2 /* BTEHomePageViewController.m */; };
		8179AF172009E0A3001678D2 /* BTEHomeWebViewController.m in Sources */ = {isa = PBXBuildFile; fileRef = 8179AF162009E0A3001678D2 /* BTEHomeWebViewController.m */; };
		8179D2EA2021D73600C13447 /* Y_StockChartGlobalVariable.m in Sources */ = {isa = PBXBuildFile; fileRef = 8179D2B02021D73600C13447 /* Y_StockChartGlobalVariable.m */; };
		8179D2EB2021D73600C13447 /* UIColor+Y_StockChart.m in Sources */ = {isa = PBXBuildFile; fileRef = 8179D2B52021D73600C13447 /* UIColor+Y_StockChart.m */; };
		8179D2EC2021D73600C13447 /* Y_StockChartView.m in Sources */ = {isa = PBXBuildFile; fileRef = 8179D2B62021D73600C13447 /* Y_StockChartView.m */; };
		8179D2ED2021D73600C13447 /* Y_KLineMAView.m in Sources */ = {isa = PBXBuildFile; fileRef = 8179D2BA2021D73600C13447 /* Y_KLineMAView.m */; };
		8179D2EE2021D73600C13447 /* Y_KLineView.m in Sources */ = {isa = PBXBuildFile; fileRef = 8179D2BB2021D73600C13447 /* Y_KLineView.m */; };
		8179D2EF2021D73600C13447 /* Y_StockChartRightYView.m in Sources */ = {isa = PBXBuildFile; fileRef = 8179D2BD2021D73600C13447 /* Y_StockChartRightYView.m */; };
		8179D2F02021D73600C13447 /* Y_VolumeMAView.m in Sources */ = {isa = PBXBuildFile; fileRef = 8179D2C12021D73600C13447 /* Y_VolumeMAView.m */; };
		8179D2F12021D73600C13447 /* Y_KLineAccessoryView.m in Sources */ = {isa = PBXBuildFile; fileRef = 8179D2C32021D73600C13447 /* Y_KLineAccessoryView.m */; };
		8179D2F22021D73600C13447 /* Y_KLineAccessory.m in Sources */ = {isa = PBXBuildFile; fileRef = 8179D2C62021D73600C13447 /* Y_KLineAccessory.m */; };
		8179D2F32021D73600C13447 /* Y_AccessoryMAView.m in Sources */ = {isa = PBXBuildFile; fileRef = 8179D2C92021D73600C13447 /* Y_AccessoryMAView.m */; };
		8179D2F42021D73600C13447 /* Y_KLinePositionModel.m in Sources */ = {isa = PBXBuildFile; fileRef = 8179D2CD2021D73600C13447 /* Y_KLinePositionModel.m */; };
		8179D2F52021D73600C13447 /* MA-EMA-MACD介绍.md in Resources */ = {isa = PBXBuildFile; fileRef = 8179D2CE2021D73600C13447 /* MA-EMA-MACD介绍.md */; };
		8179D2F62021D73600C13447 /* Y_KLineModel.m in Sources */ = {isa = PBXBuildFile; fileRef = 8179D2D32021D73600C13447 /* Y_KLineModel.m */; };
		8179D2F72021D73600C13447 /* 指标公式.md in Resources */ = {isa = PBXBuildFile; fileRef = 8179D2D42021D73600C13447 /* 指标公式.md */; };
		8179D2F82021D73600C13447 /* Y_KLineGroupModel.m in Sources */ = {isa = PBXBuildFile; fileRef = 8179D2D52021D73600C13447 /* Y_KLineGroupModel.m */; };
		8179D2F92021D73600C13447 /* KDJ介绍.md in Resources */ = {isa = PBXBuildFile; fileRef = 8179D2D62021D73600C13447 /* KDJ介绍.md */; };
		8179D2FA2021D73600C13447 /* Y_KLineVolumePositionModel.m in Sources */ = {isa = PBXBuildFile; fileRef = 8179D2D72021D73600C13447 /* Y_KLineVolumePositionModel.m */; };
		8179D2FB2021D73600C13447 /* Y_KLineVolumeView.m in Sources */ = {isa = PBXBuildFile; fileRef = 8179D2DA2021D73600C13447 /* Y_KLineVolumeView.m */; };
		8179D2FC2021D73600C13447 /* Y_KLineVolume.m in Sources */ = {isa = PBXBuildFile; fileRef = 8179D2DC2021D73600C13447 /* Y_KLineVolume.m */; };
		8179D2FD2021D73600C13447 /* Y_KLineMainView.m in Sources */ = {isa = PBXBuildFile; fileRef = 8179D2E02021D73600C13447 /* Y_KLineMainView.m */; };
		8179D2FE2021D73600C13447 /* Y_MALine.m in Sources */ = {isa = PBXBuildFile; fileRef = 8179D2E42021D73600C13447 /* Y_MALine.m */; };
		8179D2FF2021D73600C13447 /* Y_KLine.m in Sources */ = {isa = PBXBuildFile; fileRef = 8179D2E52021D73600C13447 /* Y_KLine.m */; };
		8179D3002021D73600C13447 /* Y_StockChartSegmentView.m in Sources */ = {isa = PBXBuildFile; fileRef = 8179D2E82021D73600C13447 /* Y_StockChartSegmentView.m */; };
		8179D3042021D76B00C13447 /* NetWorking.m in Sources */ = {isa = PBXBuildFile; fileRef = 8179D3022021D76B00C13447 /* NetWorking.m */; };
		8179D3092021D82800C13447 /* ViewController.m in Sources */ = {isa = PBXBuildFile; fileRef = 8179D3052021D82700C13447 /* ViewController.m */; };
		8179D30A2021D82800C13447 /* Y_StockChartViewController.m in Sources */ = {isa = PBXBuildFile; fileRef = 8179D3072021D82800C13447 /* Y_StockChartViewController.m */; };
		A3C2D27DD5C7720F52180047 /* libPods-BTE.a in Frameworks */ = {isa = PBXBuildFile; fileRef = A790C91021B35BCE72495255 /* libPods-BTE.a */; };
/* End PBXBuildFile section */

/* Begin PBXContainerItemProxy section */
		8179AD4A200736C4001678D2 /* PBXContainerItemProxy */ = {
			isa = PBXContainerItemProxy;
			containerPortal = 8179AD29200736C4001678D2 /* Project object */;
			proxyType = 1;
			remoteGlobalIDString = 8179AD30200736C4001678D2;
			remoteInfo = BTE;
		};
		8179AD55200736C4001678D2 /* PBXContainerItemProxy */ = {
			isa = PBXContainerItemProxy;
			containerPortal = 8179AD29200736C4001678D2 /* Project object */;
			proxyType = 1;
			remoteGlobalIDString = 8179AD30200736C4001678D2;
			remoteInfo = BTE;
		};
/* End PBXContainerItemProxy section */

/* Begin PBXFileReference section */
		0E4C8167B3C42BE19D5A72FB /* Pods-BTE.release.xcconfig */ = {isa = PBXFileReference; includeInIndex = 1; lastKnownFileType = text.xcconfig; name = "Pods-BTE.release.xcconfig"; path = "Pods/Target Support Files/Pods-BTE/Pods-BTE.release.xcconfig"; sourceTree = "<group>"; };
		29D8AD9E35E9375EF64E62DB /* Pods-BTE.debug.xcconfig */ = {isa = PBXFileReference; includeInIndex = 1; lastKnownFileType = text.xcconfig; name = "Pods-BTE.debug.xcconfig"; path = "Pods/Target Support Files/Pods-BTE/Pods-BTE.debug.xcconfig"; sourceTree = "<group>"; };
		8112E381204541AE00419BC9 /* YQNetworking.h */ = {isa = PBXFileReference; fileEncoding = 4; lastKnownFileType = sourcecode.c.h; path = YQNetworking.h; sourceTree = "<group>"; };
		8112E383204541AE00419BC9 /* YQLRUManager.m */ = {isa = PBXFileReference; fileEncoding = 4; lastKnownFileType = sourcecode.c.objc; path = YQLRUManager.m; sourceTree = "<group>"; };
		8112E384204541AE00419BC9 /* YQDiskCache.m */ = {isa = PBXFileReference; fileEncoding = 4; lastKnownFileType = sourcecode.c.objc; path = YQDiskCache.m; sourceTree = "<group>"; };
		8112E385204541AE00419BC9 /* YQMemoryCache.m */ = {isa = PBXFileReference; fileEncoding = 4; lastKnownFileType = sourcecode.c.objc; path = YQMemoryCache.m; sourceTree = "<group>"; };
		8112E386204541AE00419BC9 /* YQCacheManager.h */ = {isa = PBXFileReference; fileEncoding = 4; lastKnownFileType = sourcecode.c.h; path = YQCacheManager.h; sourceTree = "<group>"; };
		8112E387204541AE00419BC9 /* YQDiskCache.h */ = {isa = PBXFileReference; fileEncoding = 4; lastKnownFileType = sourcecode.c.h; path = YQDiskCache.h; sourceTree = "<group>"; };
		8112E388204541AE00419BC9 /* YQLRUManager.h */ = {isa = PBXFileReference; fileEncoding = 4; lastKnownFileType = sourcecode.c.h; path = YQLRUManager.h; sourceTree = "<group>"; };
		8112E389204541AE00419BC9 /* YQCacheManager.m */ = {isa = PBXFileReference; fileEncoding = 4; lastKnownFileType = sourcecode.c.objc; path = YQCacheManager.m; sourceTree = "<group>"; };
		8112E38A204541AE00419BC9 /* YQMemoryCache.h */ = {isa = PBXFileReference; fileEncoding = 4; lastKnownFileType = sourcecode.c.h; path = YQMemoryCache.h; sourceTree = "<group>"; };
		8112E38C204541AE00419BC9 /* YQNetworking+RequestManager.h */ = {isa = PBXFileReference; fileEncoding = 4; lastKnownFileType = sourcecode.c.h; path = "YQNetworking+RequestManager.h"; sourceTree = "<group>"; };
		8112E38D204541AE00419BC9 /* YQNetworking+RequestManager.m */ = {isa = PBXFileReference; fileEncoding = 4; lastKnownFileType = sourcecode.c.objc; path = "YQNetworking+RequestManager.m"; sourceTree = "<group>"; };
		8112E38E204541AE00419BC9 /* YQNetworking.m */ = {isa = PBXFileReference; fileEncoding = 4; lastKnownFileType = sourcecode.c.objc; path = YQNetworking.m; sourceTree = "<group>"; };
		816CCD1B2009ED24009E03D2 /* BHVersionTool.m */ = {isa = PBXFileReference; fileEncoding = 4; lastKnownFileType = sourcecode.c.objc; path = BHVersionTool.m; sourceTree = "<group>"; };
		816CCD1C2009ED24009E03D2 /* BHVersionTool.h */ = {isa = PBXFileReference; fileEncoding = 4; lastKnownFileType = sourcecode.c.h; path = BHVersionTool.h; sourceTree = "<group>"; };
		816CCD1E2009F06A009E03D2 /* BTEUpgradeViewController.h */ = {isa = PBXFileReference; lastKnownFileType = sourcecode.c.h; path = BTEUpgradeViewController.h; sourceTree = "<group>"; };
		816CCD1F2009F06A009E03D2 /* BTEUpgradeViewController.m */ = {isa = PBXFileReference; lastKnownFileType = sourcecode.c.objc; path = BTEUpgradeViewController.m; sourceTree = "<group>"; };
		8179AD31200736C4001678D2 /* BTE.app */ = {isa = PBXFileReference; explicitFileType = wrapper.application; includeInIndex = 0; path = BTE.app; sourceTree = BUILT_PRODUCTS_DIR; };
		8179AD34200736C4001678D2 /* AppDelegate.h */ = {isa = PBXFileReference; lastKnownFileType = sourcecode.c.h; path = AppDelegate.h; sourceTree = "<group>"; };
		8179AD43200736C4001678D2 /* main.m */ = {isa = PBXFileReference; lastKnownFileType = sourcecode.c.objc; path = main.m; sourceTree = "<group>"; };
		8179AD49200736C4001678D2 /* BTETests.xctest */ = {isa = PBXFileReference; explicitFileType = wrapper.cfbundle; includeInIndex = 0; path = BTETests.xctest; sourceTree = BUILT_PRODUCTS_DIR; };
		8179AD4D200736C4001678D2 /* BTETests.m */ = {isa = PBXFileReference; lastKnownFileType = sourcecode.c.objc; path = BTETests.m; sourceTree = "<group>"; };
		8179AD4F200736C4001678D2 /* Info.plist */ = {isa = PBXFileReference; lastKnownFileType = text.plist.xml; path = Info.plist; sourceTree = "<group>"; };
		8179AD54200736C4001678D2 /* BTEUITests.xctest */ = {isa = PBXFileReference; explicitFileType = wrapper.cfbundle; includeInIndex = 0; path = BTEUITests.xctest; sourceTree = BUILT_PRODUCTS_DIR; };
		8179AD58200736C4001678D2 /* BTEUITests.m */ = {isa = PBXFileReference; lastKnownFileType = sourcecode.c.objc; path = BTEUITests.m; sourceTree = "<group>"; };
		8179AD5A200736C4001678D2 /* Info.plist */ = {isa = PBXFileReference; lastKnownFileType = text.plist.xml; path = Info.plist; sourceTree = "<group>"; };
		8179ADD920085DAA001678D2 /* UIBarButtonItem+XboyItem.h */ = {isa = PBXFileReference; fileEncoding = 4; lastKnownFileType = sourcecode.c.h; path = "UIBarButtonItem+XboyItem.h"; sourceTree = "<group>"; };
		8179ADDA20085DAA001678D2 /* UIButton+EnlargeEdge.h */ = {isa = PBXFileReference; fileEncoding = 4; lastKnownFileType = sourcecode.c.h; path = "UIButton+EnlargeEdge.h"; sourceTree = "<group>"; };
		8179ADDC20085DAB001678D2 /* UIImage+Scale.h */ = {isa = PBXFileReference; fileEncoding = 4; lastKnownFileType = sourcecode.c.h; path = "UIImage+Scale.h"; sourceTree = "<group>"; };
		8179ADDD20085DAB001678D2 /* NSObject+entend.h */ = {isa = PBXFileReference; fileEncoding = 4; lastKnownFileType = sourcecode.c.h; path = "NSObject+entend.h"; sourceTree = "<group>"; };
		8179ADDE20085DAB001678D2 /* UIImage+help.h */ = {isa = PBXFileReference; fileEncoding = 4; lastKnownFileType = sourcecode.c.h; path = "UIImage+help.h"; sourceTree = "<group>"; };
		8179ADDF20085DAB001678D2 /* NSObject+entend.m */ = {isa = PBXFileReference; fileEncoding = 4; lastKnownFileType = sourcecode.c.objc; path = "NSObject+entend.m"; sourceTree = "<group>"; };
		8179ADE020085DAB001678D2 /* NSArray+description.h */ = {isa = PBXFileReference; fileEncoding = 4; lastKnownFileType = sourcecode.c.h; path = "NSArray+description.h"; sourceTree = "<group>"; };
		8179ADE120085DAB001678D2 /* UIView+category.h */ = {isa = PBXFileReference; fileEncoding = 4; lastKnownFileType = sourcecode.c.h; path = "UIView+category.h"; sourceTree = "<group>"; };
		8179ADE220085DAB001678D2 /* UIAlertController+supportedInterfaceOrientations.h */ = {isa = PBXFileReference; fileEncoding = 4; lastKnownFileType = sourcecode.c.h; path = "UIAlertController+supportedInterfaceOrientations.h"; sourceTree = "<group>"; };
		8179ADE320085DAB001678D2 /* UITextField+WLB.m */ = {isa = PBXFileReference; fileEncoding = 4; lastKnownFileType = sourcecode.c.objc; path = "UITextField+WLB.m"; sourceTree = "<group>"; };
		8179ADE420085DAC001678D2 /* UIView+Animation.m */ = {isa = PBXFileReference; fileEncoding = 4; lastKnownFileType = sourcecode.c.objc; path = "UIView+Animation.m"; sourceTree = "<group>"; };
		8179ADE520085DAC001678D2 /* NSNull+safe.h */ = {isa = PBXFileReference; fileEncoding = 4; lastKnownFileType = sourcecode.c.h; path = "NSNull+safe.h"; sourceTree = "<group>"; };
		8179ADE620085DAC001678D2 /* NSObject+swizzling.m */ = {isa = PBXFileReference; fileEncoding = 4; lastKnownFileType = sourcecode.c.objc; path = "NSObject+swizzling.m"; sourceTree = "<group>"; };
		8179ADE720085DAC001678D2 /* WLScaleLayoutConstrain.m */ = {isa = PBXFileReference; fileEncoding = 4; lastKnownFileType = sourcecode.c.objc; path = WLScaleLayoutConstrain.m; sourceTree = "<group>"; };
		8179ADE820085DAC001678D2 /* UIView+Extend.h */ = {isa = PBXFileReference; fileEncoding = 4; lastKnownFileType = sourcecode.c.h; path = "UIView+Extend.h"; sourceTree = "<group>"; };
		8179ADE920085DAC001678D2 /* UIFont+extension.m */ = {isa = PBXFileReference; fileEncoding = 4; lastKnownFileType = sourcecode.c.objc; path = "UIFont+extension.m"; sourceTree = "<group>"; };
		8179ADEA20085DAD001678D2 /* NSObject+JSONParse.h */ = {isa = PBXFileReference; fileEncoding = 4; lastKnownFileType = sourcecode.c.h; path = "NSObject+JSONParse.h"; sourceTree = "<group>"; };
		8179ADEB20085DAD001678D2 /* NSMutableArray+safe.m */ = {isa = PBXFileReference; fileEncoding = 4; lastKnownFileType = sourcecode.c.objc; path = "NSMutableArray+safe.m"; sourceTree = "<group>"; };
		8179ADEC20085DAD001678D2 /* NSDate+Categoey.h */ = {isa = PBXFileReference; fileEncoding = 4; lastKnownFileType = sourcecode.c.h; path = "NSDate+Categoey.h"; sourceTree = "<group>"; };
		8179ADED20085DAD001678D2 /* NSString+MD5.m */ = {isa = PBXFileReference; fileEncoding = 4; lastKnownFileType = sourcecode.c.objc; path = "NSString+MD5.m"; sourceTree = "<group>"; };
		8179ADEE20085DAD001678D2 /* UIColor+Externsion.h */ = {isa = PBXFileReference; fileEncoding = 4; lastKnownFileType = sourcecode.c.h; path = "UIColor+Externsion.h"; sourceTree = "<group>"; };
		8179ADEF20085DAD001678D2 /* UIImage+category.m */ = {isa = PBXFileReference; fileEncoding = 4; lastKnownFileType = sourcecode.c.objc; path = "UIImage+category.m"; sourceTree = "<group>"; };
		8179ADF020085DAD001678D2 /* UILabel+category.h */ = {isa = PBXFileReference; fileEncoding = 4; lastKnownFileType = sourcecode.c.h; path = "UILabel+category.h"; sourceTree = "<group>"; };
		8179ADF120085DAD001678D2 /* UIView+Extend.m */ = {isa = PBXFileReference; fileEncoding = 4; lastKnownFileType = sourcecode.c.objc; path = "UIView+Extend.m"; sourceTree = "<group>"; };
		8179ADF220085DAE001678D2 /* UIImage+category.h */ = {isa = PBXFileReference; fileEncoding = 4; lastKnownFileType = sourcecode.c.h; path = "UIImage+category.h"; sourceTree = "<group>"; };
		8179ADF320085DAE001678D2 /* NullSafe.m */ = {isa = PBXFileReference; fileEncoding = 4; lastKnownFileType = sourcecode.c.objc; path = NullSafe.m; sourceTree = "<group>"; };
		8179ADF420085DAE001678D2 /* NSDictionary+safe.m */ = {isa = PBXFileReference; fileEncoding = 4; lastKnownFileType = sourcecode.c.objc; path = "NSDictionary+safe.m"; sourceTree = "<group>"; };
		8179ADF520085DAE001678D2 /* UIButton+avoidMultiTouch.m */ = {isa = PBXFileReference; fileEncoding = 4; lastKnownFileType = sourcecode.c.objc; path = "UIButton+avoidMultiTouch.m"; sourceTree = "<group>"; };
		8179ADF620085DAE001678D2 /* NSArray+description.m */ = {isa = PBXFileReference; fileEncoding = 4; lastKnownFileType = sourcecode.c.objc; path = "NSArray+description.m"; sourceTree = "<group>"; };
		8179ADF820085DAE001678D2 /* UITextField+WLB.h */ = {isa = PBXFileReference; fileEncoding = 4; lastKnownFileType = sourcecode.c.h; path = "UITextField+WLB.h"; sourceTree = "<group>"; };
		8179ADF920085DAF001678D2 /* NSObject+JSONParse.m */ = {isa = PBXFileReference; fileEncoding = 4; lastKnownFileType = sourcecode.c.objc; path = "NSObject+JSONParse.m"; sourceTree = "<group>"; };
		8179ADFA20085DAF001678D2 /* UIBarButtonItem+XboyItem.m */ = {isa = PBXFileReference; fileEncoding = 4; lastKnownFileType = sourcecode.c.objc; path = "UIBarButtonItem+XboyItem.m"; sourceTree = "<group>"; };
		8179ADFB20085DAF001678D2 /* UIViewController+extend.h */ = {isa = PBXFileReference; fileEncoding = 4; lastKnownFileType = sourcecode.c.h; path = "UIViewController+extend.h"; sourceTree = "<group>"; };
		8179ADFC20085DAF001678D2 /* NSString+Size.m */ = {isa = PBXFileReference; fileEncoding = 4; lastKnownFileType = sourcecode.c.objc; path = "NSString+Size.m"; sourceTree = "<group>"; };
		8179ADFD20085DAF001678D2 /* NSDictionary+safe.h */ = {isa = PBXFileReference; fileEncoding = 4; lastKnownFileType = sourcecode.c.h; path = "NSDictionary+safe.h"; sourceTree = "<group>"; };
		8179ADFE20085DAF001678D2 /* NSString+category.h */ = {isa = PBXFileReference; fileEncoding = 4; lastKnownFileType = sourcecode.c.h; path = "NSString+category.h"; sourceTree = "<group>"; };
		8179ADFF20085DAF001678D2 /* CALayer+Additions.m */ = {isa = PBXFileReference; fileEncoding = 4; lastKnownFileType = sourcecode.c.objc; path = "CALayer+Additions.m"; sourceTree = "<group>"; };
		8179AE0020085DB0001678D2 /* UIAlertController+supportedInterfaceOrientations.m */ = {isa = PBXFileReference; fileEncoding = 4; lastKnownFileType = sourcecode.c.objc; path = "UIAlertController+supportedInterfaceOrientations.m"; sourceTree = "<group>"; };
		8179AE0120085DB0001678D2 /* UIViewController+extend.m */ = {isa = PBXFileReference; fileEncoding = 4; lastKnownFileType = sourcecode.c.objc; path = "UIViewController+extend.m"; sourceTree = "<group>"; };
		8179AE0220085DB0001678D2 /* UIView+Frame.m */ = {isa = PBXFileReference; fileEncoding = 4; lastKnownFileType = sourcecode.c.objc; path = "UIView+Frame.m"; sourceTree = "<group>"; };
		8179AE0320085DB0001678D2 /* CALayer+Additions.h */ = {isa = PBXFileReference; fileEncoding = 4; lastKnownFileType = sourcecode.c.h; path = "CALayer+Additions.h"; sourceTree = "<group>"; };
		8179AE0520085DB1001678D2 /* WLScaleLayoutConstrain.h */ = {isa = PBXFileReference; fileEncoding = 4; lastKnownFileType = sourcecode.c.h; path = WLScaleLayoutConstrain.h; sourceTree = "<group>"; };
		8179AE0720085DB1001678D2 /* NSString+CommonFunc.m */ = {isa = PBXFileReference; fileEncoding = 4; lastKnownFileType = sourcecode.c.objc; path = "NSString+CommonFunc.m"; sourceTree = "<group>"; };
		8179AE0820085DB1001678D2 /* UIButton+EnlargeEdge.m */ = {isa = PBXFileReference; fileEncoding = 4; lastKnownFileType = sourcecode.c.objc; path = "UIButton+EnlargeEdge.m"; sourceTree = "<group>"; };
		8179AE0920085DB1001678D2 /* NSString+CommonFunc.h */ = {isa = PBXFileReference; fileEncoding = 4; lastKnownFileType = sourcecode.c.h; path = "NSString+CommonFunc.h"; sourceTree = "<group>"; };
		8179AE0A20085DB1001678D2 /* UIView+UIStatusBar.h */ = {isa = PBXFileReference; fileEncoding = 4; lastKnownFileType = sourcecode.c.h; path = "UIView+UIStatusBar.h"; sourceTree = "<group>"; };
		8179AE0B20085DB1001678D2 /* NSMutableAttributedString+extension.h */ = {isa = PBXFileReference; fileEncoding = 4; lastKnownFileType = sourcecode.c.h; path = "NSMutableAttributedString+extension.h"; sourceTree = "<group>"; };
		8179AE0C20085DB1001678D2 /* UIImage+help.m */ = {isa = PBXFileReference; fileEncoding = 4; lastKnownFileType = sourcecode.c.objc; path = "UIImage+help.m"; sourceTree = "<group>"; };
		8179AE0D20085DB2001678D2 /* UIView+Animation.h */ = {isa = PBXFileReference; fileEncoding = 4; lastKnownFileType = sourcecode.c.h; path = "UIView+Animation.h"; sourceTree = "<group>"; };
		8179AE0E20085DB2001678D2 /* UIView+Frame.h */ = {isa = PBXFileReference; fileEncoding = 4; lastKnownFileType = sourcecode.c.h; path = "UIView+Frame.h"; sourceTree = "<group>"; };
		8179AE0F20085DB2001678D2 /* UIColor+Externsion.m */ = {isa = PBXFileReference; fileEncoding = 4; lastKnownFileType = sourcecode.c.objc; path = "UIColor+Externsion.m"; sourceTree = "<group>"; };
		8179AE1020085DB2001678D2 /* UIImage+Scale.m */ = {isa = PBXFileReference; fileEncoding = 4; lastKnownFileType = sourcecode.c.objc; path = "UIImage+Scale.m"; sourceTree = "<group>"; };
		8179AE1120085DB2001678D2 /* NSObject+swizzling.h */ = {isa = PBXFileReference; fileEncoding = 4; lastKnownFileType = sourcecode.c.h; path = "NSObject+swizzling.h"; sourceTree = "<group>"; };
		8179AE1220085DB2001678D2 /* NSString+category.m */ = {isa = PBXFileReference; fileEncoding = 4; lastKnownFileType = sourcecode.c.objc; path = "NSString+category.m"; sourceTree = "<group>"; };
		8179AE1320085DB3001678D2 /* UILabel+category.m */ = {isa = PBXFileReference; fileEncoding = 4; lastKnownFileType = sourcecode.c.objc; path = "UILabel+category.m"; sourceTree = "<group>"; };
		8179AE1420085DB3001678D2 /* NSMutableAttributedString+extension.m */ = {isa = PBXFileReference; fileEncoding = 4; lastKnownFileType = sourcecode.c.objc; path = "NSMutableAttributedString+extension.m"; sourceTree = "<group>"; };
		8179AE1520085DB3001678D2 /* NSTimer+addition.m */ = {isa = PBXFileReference; fileEncoding = 4; lastKnownFileType = sourcecode.c.objc; path = "NSTimer+addition.m"; sourceTree = "<group>"; };
		8179AE1620085DB3001678D2 /* NSDate+Categoey.m */ = {isa = PBXFileReference; fileEncoding = 4; lastKnownFileType = sourcecode.c.objc; path = "NSDate+Categoey.m"; sourceTree = "<group>"; };
		8179AE1720085DB3001678D2 /* NSMutableArray+safe.h */ = {isa = PBXFileReference; fileEncoding = 4; lastKnownFileType = sourcecode.c.h; path = "NSMutableArray+safe.h"; sourceTree = "<group>"; };
		8179AE1820085DB3001678D2 /* NSNull+safe.m */ = {isa = PBXFileReference; fileEncoding = 4; lastKnownFileType = sourcecode.c.objc; path = "NSNull+safe.m"; sourceTree = "<group>"; };
		8179AE1920085DB4001678D2 /* UIView+UIStatusBar.m */ = {isa = PBXFileReference; fileEncoding = 4; lastKnownFileType = sourcecode.c.objc; path = "UIView+UIStatusBar.m"; sourceTree = "<group>"; };
		8179AE1A20085DB4001678D2 /* UIFont+extension.h */ = {isa = PBXFileReference; fileEncoding = 4; lastKnownFileType = sourcecode.c.h; path = "UIFont+extension.h"; sourceTree = "<group>"; };
		8179AE1B20085DB4001678D2 /* UIView+category.m */ = {isa = PBXFileReference; fileEncoding = 4; lastKnownFileType = sourcecode.c.objc; path = "UIView+category.m"; sourceTree = "<group>"; };
		8179AE1C20085DB4001678D2 /* UIButton+avoidMultiTouch.h */ = {isa = PBXFileReference; fileEncoding = 4; lastKnownFileType = sourcecode.c.h; path = "UIButton+avoidMultiTouch.h"; sourceTree = "<group>"; };
		8179AE1D20085DB4001678D2 /* NSString+MD5.h */ = {isa = PBXFileReference; fileEncoding = 4; lastKnownFileType = sourcecode.c.h; path = "NSString+MD5.h"; sourceTree = "<group>"; };
		8179AE1E20085DB4001678D2 /* NSString+Size.h */ = {isa = PBXFileReference; fileEncoding = 4; lastKnownFileType = sourcecode.c.h; path = "NSString+Size.h"; sourceTree = "<group>"; };
		8179AE1F20085DB5001678D2 /* NSTimer+addition.h */ = {isa = PBXFileReference; fileEncoding = 4; lastKnownFileType = sourcecode.c.h; path = "NSTimer+addition.h"; sourceTree = "<group>"; };
		8179AE4A20085FA8001678D2 /* BHProgressHUD.m */ = {isa = PBXFileReference; fileEncoding = 4; lastKnownFileType = sourcecode.c.objc; path = BHProgressHUD.m; sourceTree = "<group>"; };
		8179AE4B20085FA8001678D2 /* BHArticleShareVIew */ = {isa = PBXFileReference; lastKnownFileType = folder; path = BHArticleShareVIew; sourceTree = "<group>"; };
		8179AE4C20085FA9001678D2 /* BHAdvisoryShareView */ = {isa = PBXFileReference; lastKnownFileType = folder; path = BHAdvisoryShareView; sourceTree = "<group>"; };
		8179AE4D20085FA9001678D2 /* BHNetworkErrorView */ = {isa = PBXFileReference; lastKnownFileType = folder; path = BHNetworkErrorView; sourceTree = "<group>"; };
		8179AE4E20085FA9001678D2 /* BHProgressHUD.h */ = {isa = PBXFileReference; fileEncoding = 4; lastKnownFileType = sourcecode.c.h; path = BHProgressHUD.h; sourceTree = "<group>"; };
		8179AE4F20085FA9001678D2 /* ScreenBlurry */ = {isa = PBXFileReference; lastKnownFileType = folder; path = ScreenBlurry; sourceTree = "<group>"; };
		8179AE5020085FA9001678D2 /* BHNoDataTipVIew */ = {isa = PBXFileReference; lastKnownFileType = folder; path = BHNoDataTipVIew; sourceTree = "<group>"; };
		8179AE5120085FA9001678D2 /* BHToast.h */ = {isa = PBXFileReference; fileEncoding = 4; lastKnownFileType = sourcecode.c.h; path = BHToast.h; sourceTree = "<group>"; };
		8179AE5220085FA9001678D2 /* BHToast.m */ = {isa = PBXFileReference; fileEncoding = 4; lastKnownFileType = sourcecode.c.objc; path = BHToast.m; sourceTree = "<group>"; };
		8179AE5320085FAA001678D2 /* BHNightModeView */ = {isa = PBXFileReference; lastKnownFileType = folder; path = BHNightModeView; sourceTree = "<group>"; };
		8179AE5C2008601C001678D2 /* BHHttpConstant.h */ = {isa = PBXFileReference; fileEncoding = 4; lastKnownFileType = sourcecode.c.h; path = BHHttpConstant.h; sourceTree = "<group>"; };
		8179AE5D2008601C001678D2 /* BHDefineConstant.h */ = {isa = PBXFileReference; fileEncoding = 4; lastKnownFileType = sourcecode.c.h; path = BHDefineConstant.h; sourceTree = "<group>"; };
		8179AE5E2008601C001678D2 /* BHAppConfig.h */ = {isa = PBXFileReference; fileEncoding = 4; lastKnownFileType = sourcecode.c.h; path = BHAppConfig.h; sourceTree = "<group>"; };
		8179AE5F2008601C001678D2 /* BHNotificationConstant.h */ = {isa = PBXFileReference; fileEncoding = 4; lastKnownFileType = sourcecode.c.h; path = BHNotificationConstant.h; sourceTree = "<group>"; };
		8179AE602008601C001678D2 /* BHStaticConstant.h */ = {isa = PBXFileReference; fileEncoding = 4; lastKnownFileType = sourcecode.c.h; path = BHStaticConstant.h; sourceTree = "<group>"; };
		8179AE6520086175001678D2 /* SSKeychain.h */ = {isa = PBXFileReference; fileEncoding = 4; lastKnownFileType = sourcecode.c.h; path = SSKeychain.h; sourceTree = "<group>"; };
		8179AE6620086175001678D2 /* SSKeychainQuery.h */ = {isa = PBXFileReference; fileEncoding = 4; lastKnownFileType = sourcecode.c.h; path = SSKeychainQuery.h; sourceTree = "<group>"; };
		8179AE6720086175001678D2 /* SSKeychain.strings */ = {isa = PBXFileReference; fileEncoding = 4; lastKnownFileType = text.plist.strings; path = SSKeychain.strings; sourceTree = "<group>"; };
		8179AE6820086175001678D2 /* SSKeychain.m */ = {isa = PBXFileReference; fileEncoding = 4; lastKnownFileType = sourcecode.c.objc; path = SSKeychain.m; sourceTree = "<group>"; };
		8179AE6920086175001678D2 /* SSKeychainQuery.m */ = {isa = PBXFileReference; fileEncoding = 4; lastKnownFileType = sourcecode.c.objc; path = SSKeychainQuery.m; sourceTree = "<group>"; };
		8179AE6E20086175001678D2 /* EAIntroView.h */ = {isa = PBXFileReference; fileEncoding = 4; lastKnownFileType = sourcecode.c.h; path = EAIntroView.h; sourceTree = "<group>"; };
		8179AE6F20086175001678D2 /* EAIntroPage.h */ = {isa = PBXFileReference; fileEncoding = 4; lastKnownFileType = sourcecode.c.h; path = EAIntroPage.h; sourceTree = "<group>"; };
		8179AE7020086175001678D2 /* EAIntroView.m */ = {isa = PBXFileReference; fileEncoding = 4; lastKnownFileType = sourcecode.c.objc; path = EAIntroView.m; sourceTree = "<group>"; };
		8179AE7120086175001678D2 /* EAIntroPage.m */ = {isa = PBXFileReference; fileEncoding = 4; lastKnownFileType = sourcecode.c.objc; path = EAIntroPage.m; sourceTree = "<group>"; };
		8179AE7320086175001678D2 /* DSJSONRPC.h */ = {isa = PBXFileReference; fileEncoding = 4; lastKnownFileType = sourcecode.c.h; path = DSJSONRPC.h; sourceTree = "<group>"; };
		8179AE7420086175001678D2 /* DSJSONRPCError.m */ = {isa = PBXFileReference; fileEncoding = 4; lastKnownFileType = sourcecode.c.objc; path = DSJSONRPCError.m; sourceTree = "<group>"; };
		8179AE7520086175001678D2 /* DSARCHelpers.h */ = {isa = PBXFileReference; fileEncoding = 4; lastKnownFileType = sourcecode.c.h; path = DSARCHelpers.h; sourceTree = "<group>"; };
		8179AE7620086175001678D2 /* DSJSONRPC.m */ = {isa = PBXFileReference; fileEncoding = 4; lastKnownFileType = sourcecode.c.objc; path = DSJSONRPC.m; sourceTree = "<group>"; };
		8179AE7720086175001678D2 /* DSJSONRPCError.h */ = {isa = PBXFileReference; fileEncoding = 4; lastKnownFileType = sourcecode.c.h; path = DSJSONRPCError.h; sourceTree = "<group>"; };
		8179AE7920086175001678D2 /* UIView+LLSegmentBar.m */ = {isa = PBXFileReference; fileEncoding = 4; lastKnownFileType = sourcecode.c.objc; path = "UIView+LLSegmentBar.m"; sourceTree = "<group>"; };
		8179AE7A20086175001678D2 /* LLSegmentBarConfig.h */ = {isa = PBXFileReference; fileEncoding = 4; lastKnownFileType = sourcecode.c.h; path = LLSegmentBarConfig.h; sourceTree = "<group>"; };
		8179AE7B20086175001678D2 /* LLSegmentBar.h */ = {isa = PBXFileReference; fileEncoding = 4; lastKnownFileType = sourcecode.c.h; path = LLSegmentBar.h; sourceTree = "<group>"; };
		8179AE7C20086175001678D2 /* LLSegmentBarVC.h */ = {isa = PBXFileReference; fileEncoding = 4; lastKnownFileType = sourcecode.c.h; path = LLSegmentBarVC.h; sourceTree = "<group>"; };
		8179AE7D20086175001678D2 /* LLSegmentBarConfig.m */ = {isa = PBXFileReference; fileEncoding = 4; lastKnownFileType = sourcecode.c.objc; path = LLSegmentBarConfig.m; sourceTree = "<group>"; };
		8179AE7E20086175001678D2 /* UIView+LLSegmentBar.h */ = {isa = PBXFileReference; fileEncoding = 4; lastKnownFileType = sourcecode.c.h; path = "UIView+LLSegmentBar.h"; sourceTree = "<group>"; };
		8179AE7F20086175001678D2 /* LLSegmentBar.m */ = {isa = PBXFileReference; fileEncoding = 4; lastKnownFileType = sourcecode.c.objc; path = LLSegmentBar.m; sourceTree = "<group>"; };
		8179AE8020086175001678D2 /* LLSegmentBarVC.m */ = {isa = PBXFileReference; fileEncoding = 4; lastKnownFileType = sourcecode.c.objc; path = LLSegmentBarVC.m; sourceTree = "<group>"; };
		8179AE8E20086181001678D2 /* BHHexColor.m */ = {isa = PBXFileReference; fileEncoding = 4; lastKnownFileType = sourcecode.c.objc; path = BHHexColor.m; sourceTree = "<group>"; };
		8179AE9B20086181001678D2 /* BHHexColor.h */ = {isa = PBXFileReference; fileEncoding = 4; lastKnownFileType = sourcecode.c.h; path = BHHexColor.h; sourceTree = "<group>"; };
		8179AEA220087E53001678D2 /* BTERequestTools.h */ = {isa = PBXFileReference; lastKnownFileType = sourcecode.c.h; path = BTERequestTools.h; sourceTree = "<group>"; };
		8179AEA320087E53001678D2 /* BTERequestTools.m */ = {isa = PBXFileReference; lastKnownFileType = sourcecode.c.objc; path = BTERequestTools.m; sourceTree = "<group>"; };
		8179AED720089D43001678D2 /* AppDelegate.m */ = {isa = PBXFileReference; fileEncoding = 4; lastKnownFileType = sourcecode.c.objc; path = AppDelegate.m; sourceTree = "<group>"; };
		8179AED920089D8A001678D2 /* BTEPrefixHeader.pch */ = {isa = PBXFileReference; fileEncoding = 4; lastKnownFileType = sourcecode.c.h; path = BTEPrefixHeader.pch; sourceTree = "<group>"; };
		8179AEDA20089DA3001678D2 /* Assets.xcassets */ = {isa = PBXFileReference; lastKnownFileType = folder.assetcatalog; path = Assets.xcassets; sourceTree = "<group>"; };
		8179AEDC20089DB4001678D2 /* Info.plist */ = {isa = PBXFileReference; fileEncoding = 4; lastKnownFileType = text.plist.xml; path = Info.plist; sourceTree = "<group>"; };
		8179AEFB2008A08C001678D2 /* BHGuideVC.m */ = {isa = PBXFileReference; fileEncoding = 4; lastKnownFileType = sourcecode.c.objc; path = BHGuideVC.m; sourceTree = "<group>"; };
		8179AEFC2008A08C001678D2 /* BHGuideVC.h */ = {isa = PBXFileReference; fileEncoding = 4; lastKnownFileType = sourcecode.c.h; path = BHGuideVC.h; sourceTree = "<group>"; };
		8179AEFF2008A08C001678D2 /* BHNavigationController.m */ = {isa = PBXFileReference; fileEncoding = 4; lastKnownFileType = sourcecode.c.objc; path = BHNavigationController.m; sourceTree = "<group>"; };
		8179AF002008A08C001678D2 /* BHNavigationController.h */ = {isa = PBXFileReference; fileEncoding = 4; lastKnownFileType = sourcecode.c.h; path = BHNavigationController.h; sourceTree = "<group>"; };
		8179AF052008A08C001678D2 /* BHBaseWebViewVC.m */ = {isa = PBXFileReference; fileEncoding = 4; lastKnownFileType = sourcecode.c.objc; path = BHBaseWebViewVC.m; sourceTree = "<group>"; };
		8179AF062008A08C001678D2 /* BHBaseController.m */ = {isa = PBXFileReference; fileEncoding = 4; lastKnownFileType = sourcecode.c.objc; path = BHBaseController.m; sourceTree = "<group>"; };
		8179AF072008A08C001678D2 /* BHBaseTableController.h */ = {isa = PBXFileReference; fileEncoding = 4; lastKnownFileType = sourcecode.c.h; path = BHBaseTableController.h; sourceTree = "<group>"; };
		8179AF082008A08C001678D2 /* BHBaseWebViewVC.h */ = {isa = PBXFileReference; fileEncoding = 4; lastKnownFileType = sourcecode.c.h; path = BHBaseWebViewVC.h; sourceTree = "<group>"; };
		8179AF092008A08C001678D2 /* BHBaseController.h */ = {isa = PBXFileReference; fileEncoding = 4; lastKnownFileType = sourcecode.c.h; path = BHBaseController.h; sourceTree = "<group>"; };
		8179AF0A2008A08C001678D2 /* BHBaseTableController.m */ = {isa = PBXFileReference; fileEncoding = 4; lastKnownFileType = sourcecode.c.objc; path = BHBaseTableController.m; sourceTree = "<group>"; };
		8179AF122008A3BA001678D2 /* BTEHomePageViewController.h */ = {isa = PBXFileReference; lastKnownFileType = sourcecode.c.h; path = BTEHomePageViewController.h; sourceTree = "<group>"; };
		8179AF132008A3BA001678D2 /* BTEHomePageViewController.m */ = {isa = PBXFileReference; lastKnownFileType = sourcecode.c.objc; path = BTEHomePageViewController.m; sourceTree = "<group>"; };
		8179AF152009E0A3001678D2 /* BTEHomeWebViewController.h */ = {isa = PBXFileReference; lastKnownFileType = sourcecode.c.h; path = BTEHomeWebViewController.h; sourceTree = "<group>"; };
		8179AF162009E0A3001678D2 /* BTEHomeWebViewController.m */ = {isa = PBXFileReference; lastKnownFileType = sourcecode.c.objc; path = BTEHomeWebViewController.m; sourceTree = "<group>"; };
		8179D2AC2021D73600C13447 /* Y_StockChartView.h */ = {isa = PBXFileReference; fileEncoding = 4; lastKnownFileType = sourcecode.c.h; path = Y_StockChartView.h; sourceTree = "<group>"; };
		8179D2AF2021D73600C13447 /* Y_StockChartGlobalVariable.h */ = {isa = PBXFileReference; fileEncoding = 4; lastKnownFileType = sourcecode.c.h; path = Y_StockChartGlobalVariable.h; sourceTree = "<group>"; };
		8179D2B02021D73600C13447 /* Y_StockChartGlobalVariable.m */ = {isa = PBXFileReference; fileEncoding = 4; lastKnownFileType = sourcecode.c.objc; path = Y_StockChartGlobalVariable.m; sourceTree = "<group>"; };
		8179D2B22021D73600C13447 /* Y_StockChartConstant.h */ = {isa = PBXFileReference; fileEncoding = 4; lastKnownFileType = sourcecode.c.h; path = Y_StockChartConstant.h; sourceTree = "<group>"; };
		8179D2B42021D73600C13447 /* UIColor+Y_StockChart.h */ = {isa = PBXFileReference; fileEncoding = 4; lastKnownFileType = sourcecode.c.h; path = "UIColor+Y_StockChart.h"; sourceTree = "<group>"; };
		8179D2B52021D73600C13447 /* UIColor+Y_StockChart.m */ = {isa = PBXFileReference; fileEncoding = 4; lastKnownFileType = sourcecode.c.objc; path = "UIColor+Y_StockChart.m"; sourceTree = "<group>"; };
		8179D2B62021D73600C13447 /* Y_StockChartView.m */ = {isa = PBXFileReference; fileEncoding = 4; lastKnownFileType = sourcecode.c.objc; path = Y_StockChartView.m; sourceTree = "<group>"; };
		8179D2B92021D73600C13447 /* Y_KLineMAView.h */ = {isa = PBXFileReference; fileEncoding = 4; lastKnownFileType = sourcecode.c.h; path = Y_KLineMAView.h; sourceTree = "<group>"; };
		8179D2BA2021D73600C13447 /* Y_KLineMAView.m */ = {isa = PBXFileReference; fileEncoding = 4; lastKnownFileType = sourcecode.c.objc; path = Y_KLineMAView.m; sourceTree = "<group>"; };
		8179D2BB2021D73600C13447 /* Y_KLineView.m */ = {isa = PBXFileReference; fileEncoding = 4; lastKnownFileType = sourcecode.c.objc; path = Y_KLineView.m; sourceTree = "<group>"; };
		8179D2BD2021D73600C13447 /* Y_StockChartRightYView.m */ = {isa = PBXFileReference; fileEncoding = 4; lastKnownFileType = sourcecode.c.objc; path = Y_StockChartRightYView.m; sourceTree = "<group>"; };
		8179D2BE2021D73600C13447 /* Y_StockChartRightYView.h */ = {isa = PBXFileReference; fileEncoding = 4; lastKnownFileType = sourcecode.c.h; path = Y_StockChartRightYView.h; sourceTree = "<group>"; };
		8179D2C02021D73600C13447 /* Y_VolumeMAView.h */ = {isa = PBXFileReference; fileEncoding = 4; lastKnownFileType = sourcecode.c.h; path = Y_VolumeMAView.h; sourceTree = "<group>"; };
		8179D2C12021D73600C13447 /* Y_VolumeMAView.m */ = {isa = PBXFileReference; fileEncoding = 4; lastKnownFileType = sourcecode.c.objc; path = Y_VolumeMAView.m; sourceTree = "<group>"; };
		8179D2C32021D73600C13447 /* Y_KLineAccessoryView.m */ = {isa = PBXFileReference; fileEncoding = 4; lastKnownFileType = sourcecode.c.objc; path = Y_KLineAccessoryView.m; sourceTree = "<group>"; };
		8179D2C52021D73600C13447 /* Y_KLineAccessory.h */ = {isa = PBXFileReference; fileEncoding = 4; lastKnownFileType = sourcecode.c.h; path = Y_KLineAccessory.h; sourceTree = "<group>"; };
		8179D2C62021D73600C13447 /* Y_KLineAccessory.m */ = {isa = PBXFileReference; fileEncoding = 4; lastKnownFileType = sourcecode.c.objc; path = Y_KLineAccessory.m; sourceTree = "<group>"; };
		8179D2C72021D73600C13447 /* Y_KLineAccessoryView.h */ = {isa = PBXFileReference; fileEncoding = 4; lastKnownFileType = sourcecode.c.h; path = Y_KLineAccessoryView.h; sourceTree = "<group>"; };
		8179D2C92021D73600C13447 /* Y_AccessoryMAView.m */ = {isa = PBXFileReference; fileEncoding = 4; lastKnownFileType = sourcecode.c.objc; path = Y_AccessoryMAView.m; sourceTree = "<group>"; };
		8179D2CA2021D73600C13447 /* Y_AccessoryMAView.h */ = {isa = PBXFileReference; fileEncoding = 4; lastKnownFileType = sourcecode.c.h; path = Y_AccessoryMAView.h; sourceTree = "<group>"; };
		8179D2CD2021D73600C13447 /* Y_KLinePositionModel.m */ = {isa = PBXFileReference; fileEncoding = 4; lastKnownFileType = sourcecode.c.objc; path = Y_KLinePositionModel.m; sourceTree = "<group>"; };
		8179D2CE2021D73600C13447 /* MA-EMA-MACD介绍.md */ = {isa = PBXFileReference; fileEncoding = 4; lastKnownFileType = net.daringfireball.markdown; path = "MA-EMA-MACD介绍.md"; sourceTree = "<group>"; };
		8179D2CF2021D73600C13447 /* Y_KLineModel.h */ = {isa = PBXFileReference; fileEncoding = 4; lastKnownFileType = sourcecode.c.h; path = Y_KLineModel.h; sourceTree = "<group>"; };
		8179D2D02021D73600C13447 /* Y_KLineGroupModel.h */ = {isa = PBXFileReference; fileEncoding = 4; lastKnownFileType = sourcecode.c.h; path = Y_KLineGroupModel.h; sourceTree = "<group>"; };
		8179D2D12021D73600C13447 /* Y_KLineVolumePositionModel.h */ = {isa = PBXFileReference; fileEncoding = 4; lastKnownFileType = sourcecode.c.h; path = Y_KLineVolumePositionModel.h; sourceTree = "<group>"; };
		8179D2D22021D73600C13447 /* Y_KLinePositionModel.h */ = {isa = PBXFileReference; fileEncoding = 4; lastKnownFileType = sourcecode.c.h; path = Y_KLinePositionModel.h; sourceTree = "<group>"; };
		8179D2D32021D73600C13447 /* Y_KLineModel.m */ = {isa = PBXFileReference; fileEncoding = 4; lastKnownFileType = sourcecode.c.objc; path = Y_KLineModel.m; sourceTree = "<group>"; };
		8179D2D42021D73600C13447 /* 指标公式.md */ = {isa = PBXFileReference; fileEncoding = 4; lastKnownFileType = net.daringfireball.markdown; path = "指标公式.md"; sourceTree = "<group>"; };
		8179D2D52021D73600C13447 /* Y_KLineGroupModel.m */ = {isa = PBXFileReference; fileEncoding = 4; lastKnownFileType = sourcecode.c.objc; path = Y_KLineGroupModel.m; sourceTree = "<group>"; };
		8179D2D62021D73600C13447 /* KDJ介绍.md */ = {isa = PBXFileReference; fileEncoding = 4; lastKnownFileType = net.daringfireball.markdown; path = "KDJ介绍.md"; sourceTree = "<group>"; };
		8179D2D72021D73600C13447 /* Y_KLineVolumePositionModel.m */ = {isa = PBXFileReference; fileEncoding = 4; lastKnownFileType = sourcecode.c.objc; path = Y_KLineVolumePositionModel.m; sourceTree = "<group>"; };
		8179D2D82021D73600C13447 /* Y_KLineView.h */ = {isa = PBXFileReference; fileEncoding = 4; lastKnownFileType = sourcecode.c.h; path = Y_KLineView.h; sourceTree = "<group>"; };
		8179D2DA2021D73600C13447 /* Y_KLineVolumeView.m */ = {isa = PBXFileReference; fileEncoding = 4; lastKnownFileType = sourcecode.c.objc; path = Y_KLineVolumeView.m; sourceTree = "<group>"; };
		8179D2DC2021D73600C13447 /* Y_KLineVolume.m */ = {isa = PBXFileReference; fileEncoding = 4; lastKnownFileType = sourcecode.c.objc; path = Y_KLineVolume.m; sourceTree = "<group>"; };
		8179D2DD2021D73600C13447 /* Y_KLineVolume.h */ = {isa = PBXFileReference; fileEncoding = 4; lastKnownFileType = sourcecode.c.h; path = Y_KLineVolume.h; sourceTree = "<group>"; };
		8179D2DE2021D73600C13447 /* Y_KLineVolumeView.h */ = {isa = PBXFileReference; fileEncoding = 4; lastKnownFileType = sourcecode.c.h; path = Y_KLineVolumeView.h; sourceTree = "<group>"; };
		8179D2E02021D73600C13447 /* Y_KLineMainView.m */ = {isa = PBXFileReference; fileEncoding = 4; lastKnownFileType = sourcecode.c.objc; path = Y_KLineMainView.m; sourceTree = "<group>"; };
		8179D2E22021D73600C13447 /* Y_MALine.h */ = {isa = PBXFileReference; fileEncoding = 4; lastKnownFileType = sourcecode.c.h; path = Y_MALine.h; sourceTree = "<group>"; };
		8179D2E32021D73600C13447 /* Y_KLine.h */ = {isa = PBXFileReference; fileEncoding = 4; lastKnownFileType = sourcecode.c.h; path = Y_KLine.h; sourceTree = "<group>"; };
		8179D2E42021D73600C13447 /* Y_MALine.m */ = {isa = PBXFileReference; fileEncoding = 4; lastKnownFileType = sourcecode.c.objc; path = Y_MALine.m; sourceTree = "<group>"; };
		8179D2E52021D73600C13447 /* Y_KLine.m */ = {isa = PBXFileReference; fileEncoding = 4; lastKnownFileType = sourcecode.c.objc; path = Y_KLine.m; sourceTree = "<group>"; };
		8179D2E62021D73600C13447 /* Y_KLineMainView.h */ = {isa = PBXFileReference; fileEncoding = 4; lastKnownFileType = sourcecode.c.h; path = Y_KLineMainView.h; sourceTree = "<group>"; };
		8179D2E82021D73600C13447 /* Y_StockChartSegmentView.m */ = {isa = PBXFileReference; fileEncoding = 4; lastKnownFileType = sourcecode.c.objc; path = Y_StockChartSegmentView.m; sourceTree = "<group>"; };
		8179D2E92021D73600C13447 /* Y_StockChartSegmentView.h */ = {isa = PBXFileReference; fileEncoding = 4; lastKnownFileType = sourcecode.c.h; path = Y_StockChartSegmentView.h; sourceTree = "<group>"; };
		8179D3022021D76B00C13447 /* NetWorking.m */ = {isa = PBXFileReference; fileEncoding = 4; lastKnownFileType = sourcecode.c.objc; path = NetWorking.m; sourceTree = "<group>"; };
		8179D3032021D76B00C13447 /* NetWorking.h */ = {isa = PBXFileReference; fileEncoding = 4; lastKnownFileType = sourcecode.c.h; path = NetWorking.h; sourceTree = "<group>"; };
		8179D3052021D82700C13447 /* ViewController.m */ = {isa = PBXFileReference; fileEncoding = 4; lastKnownFileType = sourcecode.c.objc; path = ViewController.m; sourceTree = "<group>"; };
		8179D3062021D82700C13447 /* ViewController.h */ = {isa = PBXFileReference; fileEncoding = 4; lastKnownFileType = sourcecode.c.h; path = ViewController.h; sourceTree = "<group>"; };
		8179D3072021D82800C13447 /* Y_StockChartViewController.m */ = {isa = PBXFileReference; fileEncoding = 4; lastKnownFileType = sourcecode.c.objc; path = Y_StockChartViewController.m; sourceTree = "<group>"; };
		8179D3082021D82800C13447 /* Y_StockChartViewController.h */ = {isa = PBXFileReference; fileEncoding = 4; lastKnownFileType = sourcecode.c.h; path = Y_StockChartViewController.h; sourceTree = "<group>"; };
		A790C91021B35BCE72495255 /* libPods-BTE.a */ = {isa = PBXFileReference; explicitFileType = archive.ar; includeInIndex = 0; path = "libPods-BTE.a"; sourceTree = BUILT_PRODUCTS_DIR; };
/* End PBXFileReference section */

/* Begin PBXFrameworksBuildPhase section */
		8179AD2E200736C4001678D2 /* Frameworks */ = {
			isa = PBXFrameworksBuildPhase;
			buildActionMask = 2147483647;
			files = (
				A3C2D27DD5C7720F52180047 /* libPods-BTE.a in Frameworks */,
			);
			runOnlyForDeploymentPostprocessing = 0;
		};
		8179AD46200736C4001678D2 /* Frameworks */ = {
			isa = PBXFrameworksBuildPhase;
			buildActionMask = 2147483647;
			files = (
			);
			runOnlyForDeploymentPostprocessing = 0;
		};
		8179AD51200736C4001678D2 /* Frameworks */ = {
			isa = PBXFrameworksBuildPhase;
			buildActionMask = 2147483647;
			files = (
			);
			runOnlyForDeploymentPostprocessing = 0;
		};
/* End PBXFrameworksBuildPhase section */

/* Begin PBXGroup section */
		35B884D5F848B16C97487510 /* Frameworks */ = {
			isa = PBXGroup;
			children = (
				A790C91021B35BCE72495255 /* libPods-BTE.a */,
			);
			name = Frameworks;
			sourceTree = "<group>";
		};
		8112E380204541AE00419BC9 /* YQNetworking */ = {
			isa = PBXGroup;
			children = (
				8112E381204541AE00419BC9 /* YQNetworking.h */,
				8112E38E204541AE00419BC9 /* YQNetworking.m */,
				8112E382204541AE00419BC9 /* Cache */,
				8112E38B204541AE00419BC9 /* RequestManager */,
			);
			path = YQNetworking;
			sourceTree = "<group>";
		};
		8112E382204541AE00419BC9 /* Cache */ = {
			isa = PBXGroup;
			children = (
				8112E383204541AE00419BC9 /* YQLRUManager.m */,
				8112E384204541AE00419BC9 /* YQDiskCache.m */,
				8112E385204541AE00419BC9 /* YQMemoryCache.m */,
				8112E386204541AE00419BC9 /* YQCacheManager.h */,
				8112E387204541AE00419BC9 /* YQDiskCache.h */,
				8112E388204541AE00419BC9 /* YQLRUManager.h */,
				8112E389204541AE00419BC9 /* YQCacheManager.m */,
				8112E38A204541AE00419BC9 /* YQMemoryCache.h */,
			);
			path = Cache;
			sourceTree = "<group>";
		};
		8112E38B204541AE00419BC9 /* RequestManager */ = {
			isa = PBXGroup;
			children = (
				8112E38C204541AE00419BC9 /* YQNetworking+RequestManager.h */,
				8112E38D204541AE00419BC9 /* YQNetworking+RequestManager.m */,
			);
			path = RequestManager;
			sourceTree = "<group>";
		};
		816CCD212009F085009E03D2 /* Upgrade */ = {
			isa = PBXGroup;
			children = (
				816CCD1E2009F06A009E03D2 /* BTEUpgradeViewController.h */,
				816CCD1F2009F06A009E03D2 /* BTEUpgradeViewController.m */,
			);
			path = Upgrade;
			sourceTree = "<group>";
		};
		8179AD28200736C4001678D2 = {
			isa = PBXGroup;
			children = (
				8179AD33200736C4001678D2 /* BTE */,
				8179AD4C200736C4001678D2 /* BTETests */,
				8179AD57200736C4001678D2 /* BTEUITests */,
				8179AD32200736C4001678D2 /* Products */,
				EB5C9D1AE46F2F99BE633CD9 /* Pods */,
				35B884D5F848B16C97487510 /* Frameworks */,
			);
			sourceTree = "<group>";
		};
		8179AD32200736C4001678D2 /* Products */ = {
			isa = PBXGroup;
			children = (
				8179AD31200736C4001678D2 /* BTE.app */,
				8179AD49200736C4001678D2 /* BTETests.xctest */,
				8179AD54200736C4001678D2 /* BTEUITests.xctest */,
			);
			name = Products;
			sourceTree = "<group>";
		};
		8179AD33200736C4001678D2 /* BTE */ = {
			isa = PBXGroup;
			children = (
				8179D2772021D6B500C13447 /* Kline */,
				8179AD6720073BD0001678D2 /* Classes */,
				8179AD6620073BA4001678D2 /* Categories */,
				8179ADD320073F6E001678D2 /* Common */,
				8179ADD420074212001678D2 /* Custom */,
				8179AE8D20086181001678D2 /* Tools */,
				8179AE6320086175001678D2 /* Libs */,
				8179ADD5200761E2001678D2 /* Headers */,
				8179AD34200736C4001678D2 /* AppDelegate.h */,
				8179AED720089D43001678D2 /* AppDelegate.m */,
				8179AEDA20089DA3001678D2 /* Assets.xcassets */,
				8179AEDC20089DB4001678D2 /* Info.plist */,
				8179AD43200736C4001678D2 /* main.m */,
			);
			path = BTE;
			sourceTree = "<group>";
		};
		8179AD4C200736C4001678D2 /* BTETests */ = {
			isa = PBXGroup;
			children = (
				8179AD4D200736C4001678D2 /* BTETests.m */,
				8179AD4F200736C4001678D2 /* Info.plist */,
			);
			path = BTETests;
			sourceTree = "<group>";
		};
		8179AD57200736C4001678D2 /* BTEUITests */ = {
			isa = PBXGroup;
			children = (
				8179AD58200736C4001678D2 /* BTEUITests.m */,
				8179AD5A200736C4001678D2 /* Info.plist */,
			);
			path = BTEUITests;
			sourceTree = "<group>";
		};
		8179AD6620073BA4001678D2 /* Categories */ = {
			isa = PBXGroup;
			children = (
				8179AE0320085DB0001678D2 /* CALayer+Additions.h */,
				8179ADFF20085DAF001678D2 /* CALayer+Additions.m */,
				8179ADE020085DAB001678D2 /* NSArray+description.h */,
				8179ADF620085DAE001678D2 /* NSArray+description.m */,
				8179ADEC20085DAD001678D2 /* NSDate+Categoey.h */,
				8179AE1620085DB3001678D2 /* NSDate+Categoey.m */,
				8179ADFD20085DAF001678D2 /* NSDictionary+safe.h */,
				8179ADF420085DAE001678D2 /* NSDictionary+safe.m */,
				8179AE1720085DB3001678D2 /* NSMutableArray+safe.h */,
				8179ADEB20085DAD001678D2 /* NSMutableArray+safe.m */,
				8179AE0B20085DB1001678D2 /* NSMutableAttributedString+extension.h */,
				8179AE1420085DB3001678D2 /* NSMutableAttributedString+extension.m */,
				8179ADE520085DAC001678D2 /* NSNull+safe.h */,
				8179AE1820085DB3001678D2 /* NSNull+safe.m */,
				8179ADDD20085DAB001678D2 /* NSObject+entend.h */,
				8179ADDF20085DAB001678D2 /* NSObject+entend.m */,
				8179ADEA20085DAD001678D2 /* NSObject+JSONParse.h */,
				8179ADF920085DAF001678D2 /* NSObject+JSONParse.m */,
				8179AE1120085DB2001678D2 /* NSObject+swizzling.h */,
				8179ADE620085DAC001678D2 /* NSObject+swizzling.m */,
				8179ADFE20085DAF001678D2 /* NSString+category.h */,
				8179AE1220085DB2001678D2 /* NSString+category.m */,
				8179AE0920085DB1001678D2 /* NSString+CommonFunc.h */,
				8179AE0720085DB1001678D2 /* NSString+CommonFunc.m */,
				8179AE1D20085DB4001678D2 /* NSString+MD5.h */,
				8179ADED20085DAD001678D2 /* NSString+MD5.m */,
				8179AE1E20085DB4001678D2 /* NSString+Size.h */,
				8179ADFC20085DAF001678D2 /* NSString+Size.m */,
				8179AE1F20085DB5001678D2 /* NSTimer+addition.h */,
				8179AE1520085DB3001678D2 /* NSTimer+addition.m */,
				8179ADF320085DAE001678D2 /* NullSafe.m */,
				8179ADE220085DAB001678D2 /* UIAlertController+supportedInterfaceOrientations.h */,
				8179AE0020085DB0001678D2 /* UIAlertController+supportedInterfaceOrientations.m */,
				8179ADD920085DAA001678D2 /* UIBarButtonItem+XboyItem.h */,
				8179ADFA20085DAF001678D2 /* UIBarButtonItem+XboyItem.m */,
				8179AE1C20085DB4001678D2 /* UIButton+avoidMultiTouch.h */,
				8179ADF520085DAE001678D2 /* UIButton+avoidMultiTouch.m */,
				8179ADDA20085DAA001678D2 /* UIButton+EnlargeEdge.h */,
				8179AE0820085DB1001678D2 /* UIButton+EnlargeEdge.m */,
				8179ADEE20085DAD001678D2 /* UIColor+Externsion.h */,
				8179AE0F20085DB2001678D2 /* UIColor+Externsion.m */,
				8179AE1A20085DB4001678D2 /* UIFont+extension.h */,
				8179ADE920085DAC001678D2 /* UIFont+extension.m */,
				8179ADF220085DAE001678D2 /* UIImage+category.h */,
				8179ADEF20085DAD001678D2 /* UIImage+category.m */,
				8179ADDE20085DAB001678D2 /* UIImage+help.h */,
				8179AE0C20085DB1001678D2 /* UIImage+help.m */,
				8179ADDC20085DAB001678D2 /* UIImage+Scale.h */,
				8179AE1020085DB2001678D2 /* UIImage+Scale.m */,
				8179ADF020085DAD001678D2 /* UILabel+category.h */,
				8179AE1320085DB3001678D2 /* UILabel+category.m */,
				8179ADF820085DAE001678D2 /* UITextField+WLB.h */,
				8179ADE320085DAB001678D2 /* UITextField+WLB.m */,
				8179AE0D20085DB2001678D2 /* UIView+Animation.h */,
				8179ADE420085DAC001678D2 /* UIView+Animation.m */,
				8179ADE120085DAB001678D2 /* UIView+category.h */,
				8179AE1B20085DB4001678D2 /* UIView+category.m */,
				8179ADE820085DAC001678D2 /* UIView+Extend.h */,
				8179ADF120085DAD001678D2 /* UIView+Extend.m */,
				8179AE0E20085DB2001678D2 /* UIView+Frame.h */,
				8179AE0220085DB0001678D2 /* UIView+Frame.m */,
				8179AE0A20085DB1001678D2 /* UIView+UIStatusBar.h */,
				8179AE1920085DB4001678D2 /* UIView+UIStatusBar.m */,
				8179ADFB20085DAF001678D2 /* UIViewController+extend.h */,
				8179AE0120085DB0001678D2 /* UIViewController+extend.m */,
				8179AE0520085DB1001678D2 /* WLScaleLayoutConstrain.h */,
				8179ADE720085DAC001678D2 /* WLScaleLayoutConstrain.m */,
			);
			path = Categories;
			sourceTree = "<group>";
		};
		8179AD6720073BD0001678D2 /* Classes */ = {
			isa = PBXGroup;
			children = (
				8179AF112008A2F0001678D2 /* HomePageVC */,
				8179AEF92008A08C001678D2 /* Main */,
			);
			path = Classes;
			sourceTree = "<group>";
		};
		8179ADD320073F6E001678D2 /* Common */ = {
			isa = PBXGroup;
			children = (
				816CCD1C2009ED24009E03D2 /* BHVersionTool.h */,
				816CCD1B2009ED24009E03D2 /* BHVersionTool.m */,
			);
			path = Common;
			sourceTree = "<group>";
		};
		8179ADD420074212001678D2 /* Custom */ = {
			isa = PBXGroup;
			children = (
				8179AE4C20085FA9001678D2 /* BHAdvisoryShareView */,
				8179AE4B20085FA8001678D2 /* BHArticleShareVIew */,
				8179AE4D20085FA9001678D2 /* BHNetworkErrorView */,
				8179AE5320085FAA001678D2 /* BHNightModeView */,
				8179AE5020085FA9001678D2 /* BHNoDataTipVIew */,
				8179AE4E20085FA9001678D2 /* BHProgressHUD.h */,
				8179AE4A20085FA8001678D2 /* BHProgressHUD.m */,
				8179AE5120085FA9001678D2 /* BHToast.h */,
				8179AE5220085FA9001678D2 /* BHToast.m */,
				8179AE4F20085FA9001678D2 /* ScreenBlurry */,
			);
			path = Custom;
			sourceTree = "<group>";
		};
		8179ADD5200761E2001678D2 /* Headers */ = {
			isa = PBXGroup;
			children = (
				8179AED920089D8A001678D2 /* BTEPrefixHeader.pch */,
				8179AE5E2008601C001678D2 /* BHAppConfig.h */,
				8179AE5D2008601C001678D2 /* BHDefineConstant.h */,
				8179AE5C2008601C001678D2 /* BHHttpConstant.h */,
				8179AE5F2008601C001678D2 /* BHNotificationConstant.h */,
				8179AE602008601C001678D2 /* BHStaticConstant.h */,
			);
			path = Headers;
			sourceTree = "<group>";
		};
		8179AE6320086175001678D2 /* Libs */ = {
			isa = PBXGroup;
			children = (
				8179AE6420086175001678D2 /* SSKeychain */,
				8179AE6D20086175001678D2 /* EAIntroView */,
				8179AE7220086175001678D2 /* DSJSONRPC */,
				8179AE7820086175001678D2 /* LLSegmentBar */,
			);
			path = Libs;
			sourceTree = "<group>";
		};
		8179AE6420086175001678D2 /* SSKeychain */ = {
			isa = PBXGroup;
			children = (
				8179AE6520086175001678D2 /* SSKeychain.h */,
				8179AE6620086175001678D2 /* SSKeychainQuery.h */,
				8179AE6720086175001678D2 /* SSKeychain.strings */,
				8179AE6820086175001678D2 /* SSKeychain.m */,
				8179AE6920086175001678D2 /* SSKeychainQuery.m */,
			);
			path = SSKeychain;
			sourceTree = "<group>";
		};
		8179AE6D20086175001678D2 /* EAIntroView */ = {
			isa = PBXGroup;
			children = (
				8179AE6E20086175001678D2 /* EAIntroView.h */,
				8179AE6F20086175001678D2 /* EAIntroPage.h */,
				8179AE7020086175001678D2 /* EAIntroView.m */,
				8179AE7120086175001678D2 /* EAIntroPage.m */,
			);
			path = EAIntroView;
			sourceTree = "<group>";
		};
		8179AE7220086175001678D2 /* DSJSONRPC */ = {
			isa = PBXGroup;
			children = (
				8179AE7320086175001678D2 /* DSJSONRPC.h */,
				8179AE7420086175001678D2 /* DSJSONRPCError.m */,
				8179AE7520086175001678D2 /* DSARCHelpers.h */,
				8179AE7620086175001678D2 /* DSJSONRPC.m */,
				8179AE7720086175001678D2 /* DSJSONRPCError.h */,
			);
			path = DSJSONRPC;
			sourceTree = "<group>";
		};
		8179AE7820086175001678D2 /* LLSegmentBar */ = {
			isa = PBXGroup;
			children = (
				8179AE7920086175001678D2 /* UIView+LLSegmentBar.m */,
				8179AE7A20086175001678D2 /* LLSegmentBarConfig.h */,
				8179AE7B20086175001678D2 /* LLSegmentBar.h */,
				8179AE7C20086175001678D2 /* LLSegmentBarVC.h */,
				8179AE7D20086175001678D2 /* LLSegmentBarConfig.m */,
				8179AE7E20086175001678D2 /* UIView+LLSegmentBar.h */,
				8179AE7F20086175001678D2 /* LLSegmentBar.m */,
				8179AE8020086175001678D2 /* LLSegmentBarVC.m */,
			);
			path = LLSegmentBar;
			sourceTree = "<group>";
		};
		8179AE8D20086181001678D2 /* Tools */ = {
			isa = PBXGroup;
			children = (
				8179AE9B20086181001678D2 /* BHHexColor.h */,
				8179AE8E20086181001678D2 /* BHHexColor.m */,
				8179AE8F20086181001678D2 /* HttpTool */,
			);
			path = Tools;
			sourceTree = "<group>";
		};
		8179AE8F20086181001678D2 /* HttpTool */ = {
			isa = PBXGroup;
			children = (
				8112E380204541AE00419BC9 /* YQNetworking */,
				8179AE9020086181001678D2 /* NetRequest */,
			);
			path = HttpTool;
			sourceTree = "<group>";
		};
		8179AE9020086181001678D2 /* NetRequest */ = {
			isa = PBXGroup;
			children = (
				8179AEA220087E53001678D2 /* BTERequestTools.h */,
				8179AEA320087E53001678D2 /* BTERequestTools.m */,
			);
			path = NetRequest;
			sourceTree = "<group>";
		};
		8179AEF92008A08C001678D2 /* Main */ = {
			isa = PBXGroup;
			children = (
				816CCD212009F085009E03D2 /* Upgrade */,
				8179AEFA2008A08C001678D2 /* Guide */,
				8179AEFE2008A08C001678D2 /* Navigation */,
				8179AF042008A08C001678D2 /* Base */,
			);
			path = Main;
			sourceTree = "<group>";
		};
		8179AEFA2008A08C001678D2 /* Guide */ = {
			isa = PBXGroup;
			children = (
				8179AEFC2008A08C001678D2 /* BHGuideVC.h */,
				8179AEFB2008A08C001678D2 /* BHGuideVC.m */,
			);
			path = Guide;
			sourceTree = "<group>";
		};
		8179AEFE2008A08C001678D2 /* Navigation */ = {
			isa = PBXGroup;
			children = (
				8179AEFF2008A08C001678D2 /* BHNavigationController.m */,
				8179AF002008A08C001678D2 /* BHNavigationController.h */,
			);
			path = Navigation;
			sourceTree = "<group>";
		};
		8179AF042008A08C001678D2 /* Base */ = {
			isa = PBXGroup;
			children = (
				8179AF072008A08C001678D2 /* BHBaseTableController.h */,
				8179AF0A2008A08C001678D2 /* BHBaseTableController.m */,
				8179AF082008A08C001678D2 /* BHBaseWebViewVC.h */,
				8179AF052008A08C001678D2 /* BHBaseWebViewVC.m */,
				8179AF092008A08C001678D2 /* BHBaseController.h */,
				8179AF062008A08C001678D2 /* BHBaseController.m */,
			);
			path = Base;
			sourceTree = "<group>";
		};
		8179AF112008A2F0001678D2 /* HomePageVC */ = {
			isa = PBXGroup;
			children = (
				8179AF122008A3BA001678D2 /* BTEHomePageViewController.h */,
				8179AF132008A3BA001678D2 /* BTEHomePageViewController.m */,
				8179AF152009E0A3001678D2 /* BTEHomeWebViewController.h */,
				8179AF162009E0A3001678D2 /* BTEHomeWebViewController.m */,
			);
			path = HomePageVC;
			sourceTree = "<group>";
		};
		8179D2772021D6B500C13447 /* Kline */ = {
			isa = PBXGroup;
			children = (
				8179D3062021D82700C13447 /* ViewController.h */,
				8179D3052021D82700C13447 /* ViewController.m */,
				8179D3082021D82800C13447 /* Y_StockChartViewController.h */,
				8179D3072021D82800C13447 /* Y_StockChartViewController.m */,
				8179D2AB2021D73600C13447 /* BTC_K线图 */,
				8179D3012021D76B00C13447 /* NetWorking */,
			);
			path = Kline;
			sourceTree = "<group>";
		};
		8179D2AB2021D73600C13447 /* BTC_K线图 */ = {
			isa = PBXGroup;
			children = (
				8179D2AC2021D73600C13447 /* Y_StockChartView.h */,
				8179D2B62021D73600C13447 /* Y_StockChartView.m */,
				8179D2AD2021D73600C13447 /* Config */,
				8179D2B72021D73600C13447 /* KLine */,
			);
			path = "BTC_K线图";
			sourceTree = "<group>";
		};
		8179D2AD2021D73600C13447 /* Config */ = {
			isa = PBXGroup;
			children = (
				8179D2AE2021D73600C13447 /* GlobalVariable */,
				8179D2B12021D73600C13447 /* Constant */,
				8179D2B32021D73600C13447 /* Theme */,
			);
			path = Config;
			sourceTree = "<group>";
		};
		8179D2AE2021D73600C13447 /* GlobalVariable */ = {
			isa = PBXGroup;
			children = (
				8179D2AF2021D73600C13447 /* Y_StockChartGlobalVariable.h */,
				8179D2B02021D73600C13447 /* Y_StockChartGlobalVariable.m */,
			);
			path = GlobalVariable;
			sourceTree = "<group>";
		};
		8179D2B12021D73600C13447 /* Constant */ = {
			isa = PBXGroup;
			children = (
				8179D2B22021D73600C13447 /* Y_StockChartConstant.h */,
			);
			path = Constant;
			sourceTree = "<group>";
		};
		8179D2B32021D73600C13447 /* Theme */ = {
			isa = PBXGroup;
			children = (
				8179D2B42021D73600C13447 /* UIColor+Y_StockChart.h */,
				8179D2B52021D73600C13447 /* UIColor+Y_StockChart.m */,
			);
			path = Theme;
			sourceTree = "<group>";
		};
		8179D2B72021D73600C13447 /* KLine */ = {
			isa = PBXGroup;
			children = (
				8179D2B82021D73600C13447 /* KLine_MAView */,
				8179D2D82021D73600C13447 /* Y_KLineView.h */,
				8179D2BB2021D73600C13447 /* Y_KLineView.m */,
				8179D2BC2021D73600C13447 /* PriceView */,
				8179D2BF2021D73600C13447 /* Volume_MAView */,
				8179D2C22021D73600C13447 /* AccessoryView */,
				8179D2C82021D73600C13447 /* Accessory_MAView */,
				8179D2CB2021D73600C13447 /* Model */,
				8179D2D92021D73600C13447 /* VolumeView */,
				8179D2DF2021D73600C13447 /* MainKLineView */,
				8179D2E72021D73600C13447 /* SegmentView */,
			);
			path = KLine;
			sourceTree = "<group>";
		};
		8179D2B82021D73600C13447 /* KLine_MAView */ = {
			isa = PBXGroup;
			children = (
				8179D2B92021D73600C13447 /* Y_KLineMAView.h */,
				8179D2BA2021D73600C13447 /* Y_KLineMAView.m */,
			);
			path = KLine_MAView;
			sourceTree = "<group>";
		};
		8179D2BC2021D73600C13447 /* PriceView */ = {
			isa = PBXGroup;
			children = (
				8179D2BD2021D73600C13447 /* Y_StockChartRightYView.m */,
				8179D2BE2021D73600C13447 /* Y_StockChartRightYView.h */,
			);
			path = PriceView;
			sourceTree = "<group>";
		};
		8179D2BF2021D73600C13447 /* Volume_MAView */ = {
			isa = PBXGroup;
			children = (
				8179D2C02021D73600C13447 /* Y_VolumeMAView.h */,
				8179D2C12021D73600C13447 /* Y_VolumeMAView.m */,
			);
			path = Volume_MAView;
			sourceTree = "<group>";
		};
		8179D2C22021D73600C13447 /* AccessoryView */ = {
			isa = PBXGroup;
			children = (
				8179D2C32021D73600C13447 /* Y_KLineAccessoryView.m */,
				8179D2C42021D73600C13447 /* Line */,
				8179D2C72021D73600C13447 /* Y_KLineAccessoryView.h */,
			);
			path = AccessoryView;
			sourceTree = "<group>";
		};
		8179D2C42021D73600C13447 /* Line */ = {
			isa = PBXGroup;
			children = (
				8179D2C52021D73600C13447 /* Y_KLineAccessory.h */,
				8179D2C62021D73600C13447 /* Y_KLineAccessory.m */,
			);
			path = Line;
			sourceTree = "<group>";
		};
		8179D2C82021D73600C13447 /* Accessory_MAView */ = {
			isa = PBXGroup;
			children = (
				8179D2C92021D73600C13447 /* Y_AccessoryMAView.m */,
				8179D2CA2021D73600C13447 /* Y_AccessoryMAView.h */,
			);
			path = Accessory_MAView;
			sourceTree = "<group>";
		};
		8179D2CB2021D73600C13447 /* Model */ = {
			isa = PBXGroup;
			children = (
				8179D2CC2021D73600C13447 /* KLineModel */,
			);
			path = Model;
			sourceTree = "<group>";
		};
		8179D2CC2021D73600C13447 /* KLineModel */ = {
			isa = PBXGroup;
			children = (
				8179D2CD2021D73600C13447 /* Y_KLinePositionModel.m */,
				8179D2CE2021D73600C13447 /* MA-EMA-MACD介绍.md */,
				8179D2CF2021D73600C13447 /* Y_KLineModel.h */,
				8179D2D02021D73600C13447 /* Y_KLineGroupModel.h */,
				8179D2D12021D73600C13447 /* Y_KLineVolumePositionModel.h */,
				8179D2D22021D73600C13447 /* Y_KLinePositionModel.h */,
				8179D2D32021D73600C13447 /* Y_KLineModel.m */,
				8179D2D42021D73600C13447 /* 指标公式.md */,
				8179D2D52021D73600C13447 /* Y_KLineGroupModel.m */,
				8179D2D62021D73600C13447 /* KDJ介绍.md */,
				8179D2D72021D73600C13447 /* Y_KLineVolumePositionModel.m */,
			);
			path = KLineModel;
			sourceTree = "<group>";
		};
		8179D2D92021D73600C13447 /* VolumeView */ = {
			isa = PBXGroup;
			children = (
				8179D2DA2021D73600C13447 /* Y_KLineVolumeView.m */,
				8179D2DB2021D73600C13447 /* Line */,
				8179D2DE2021D73600C13447 /* Y_KLineVolumeView.h */,
			);
			path = VolumeView;
			sourceTree = "<group>";
		};
		8179D2DB2021D73600C13447 /* Line */ = {
			isa = PBXGroup;
			children = (
				8179D2DC2021D73600C13447 /* Y_KLineVolume.m */,
				8179D2DD2021D73600C13447 /* Y_KLineVolume.h */,
			);
			path = Line;
			sourceTree = "<group>";
		};
		8179D2DF2021D73600C13447 /* MainKLineView */ = {
			isa = PBXGroup;
			children = (
				8179D2E02021D73600C13447 /* Y_KLineMainView.m */,
				8179D2E12021D73600C13447 /* Line */,
				8179D2E62021D73600C13447 /* Y_KLineMainView.h */,
			);
			path = MainKLineView;
			sourceTree = "<group>";
		};
		8179D2E12021D73600C13447 /* Line */ = {
			isa = PBXGroup;
			children = (
				8179D2E22021D73600C13447 /* Y_MALine.h */,
				8179D2E32021D73600C13447 /* Y_KLine.h */,
				8179D2E42021D73600C13447 /* Y_MALine.m */,
				8179D2E52021D73600C13447 /* Y_KLine.m */,
			);
			path = Line;
			sourceTree = "<group>";
		};
		8179D2E72021D73600C13447 /* SegmentView */ = {
			isa = PBXGroup;
			children = (
				8179D2E82021D73600C13447 /* Y_StockChartSegmentView.m */,
				8179D2E92021D73600C13447 /* Y_StockChartSegmentView.h */,
			);
			path = SegmentView;
			sourceTree = "<group>";
		};
		8179D3012021D76B00C13447 /* NetWorking */ = {
			isa = PBXGroup;
			children = (
				8179D3022021D76B00C13447 /* NetWorking.m */,
				8179D3032021D76B00C13447 /* NetWorking.h */,
			);
			path = NetWorking;
			sourceTree = "<group>";
		};
		EB5C9D1AE46F2F99BE633CD9 /* Pods */ = {
			isa = PBXGroup;
			children = (
				29D8AD9E35E9375EF64E62DB /* Pods-BTE.debug.xcconfig */,
				0E4C8167B3C42BE19D5A72FB /* Pods-BTE.release.xcconfig */,
			);
			name = Pods;
			sourceTree = "<group>";
		};
/* End PBXGroup section */

/* Begin PBXNativeTarget section */
		8179AD30200736C4001678D2 /* BTE */ = {
			isa = PBXNativeTarget;
			buildConfigurationList = 8179AD5D200736C4001678D2 /* Build configuration list for PBXNativeTarget "BTE" */;
			buildPhases = (
				5A270A33B2A3DE1459FE69B6 /* [CP] Check Pods Manifest.lock */,
				8179AD2D200736C4001678D2 /* Sources */,
				8179AD2E200736C4001678D2 /* Frameworks */,
				8179AD2F200736C4001678D2 /* Resources */,
				AD3CC00DBF5F0827473A75B0 /* [CP] Embed Pods Frameworks */,
				D77BAA7A84F3B1825A227459 /* [CP] Copy Pods Resources */,
			);
			buildRules = (
			);
			dependencies = (
			);
			name = BTE;
			productName = BTE;
			productReference = 8179AD31200736C4001678D2 /* BTE.app */;
			productType = "com.apple.product-type.application";
		};
		8179AD48200736C4001678D2 /* BTETests */ = {
			isa = PBXNativeTarget;
			buildConfigurationList = 8179AD60200736C4001678D2 /* Build configuration list for PBXNativeTarget "BTETests" */;
			buildPhases = (
				8179AD45200736C4001678D2 /* Sources */,
				8179AD46200736C4001678D2 /* Frameworks */,
				8179AD47200736C4001678D2 /* Resources */,
			);
			buildRules = (
			);
			dependencies = (
				8179AD4B200736C4001678D2 /* PBXTargetDependency */,
			);
			name = BTETests;
			productName = BTETests;
			productReference = 8179AD49200736C4001678D2 /* BTETests.xctest */;
			productType = "com.apple.product-type.bundle.unit-test";
		};
		8179AD53200736C4001678D2 /* BTEUITests */ = {
			isa = PBXNativeTarget;
			buildConfigurationList = 8179AD63200736C4001678D2 /* Build configuration list for PBXNativeTarget "BTEUITests" */;
			buildPhases = (
				8179AD50200736C4001678D2 /* Sources */,
				8179AD51200736C4001678D2 /* Frameworks */,
				8179AD52200736C4001678D2 /* Resources */,
			);
			buildRules = (
			);
			dependencies = (
				8179AD56200736C4001678D2 /* PBXTargetDependency */,
			);
			name = BTEUITests;
			productName = BTEUITests;
			productReference = 8179AD54200736C4001678D2 /* BTEUITests.xctest */;
			productType = "com.apple.product-type.bundle.ui-testing";
		};
/* End PBXNativeTarget section */

/* Begin PBXProject section */
		8179AD29200736C4001678D2 /* Project object */ = {
			isa = PBXProject;
			attributes = {
				LastUpgradeCheck = 0920;
				ORGANIZATIONNAME = wangli;
				TargetAttributes = {
					8179AD30200736C4001678D2 = {
						CreatedOnToolsVersion = 9.2;
						ProvisioningStyle = Manual;
					};
					8179AD48200736C4001678D2 = {
						CreatedOnToolsVersion = 9.2;
						ProvisioningStyle = Automatic;
						TestTargetID = 8179AD30200736C4001678D2;
					};
					8179AD53200736C4001678D2 = {
						CreatedOnToolsVersion = 9.2;
						ProvisioningStyle = Automatic;
						TestTargetID = 8179AD30200736C4001678D2;
					};
				};
			};
			buildConfigurationList = 8179AD2C200736C4001678D2 /* Build configuration list for PBXProject "BTE" */;
			compatibilityVersion = "Xcode 8.0";
			developmentRegion = en;
			hasScannedForEncodings = 0;
			knownRegions = (
				en,
				Base,
			);
			mainGroup = 8179AD28200736C4001678D2;
			productRefGroup = 8179AD32200736C4001678D2 /* Products */;
			projectDirPath = "";
			projectRoot = "";
			targets = (
				8179AD30200736C4001678D2 /* BTE */,
				8179AD48200736C4001678D2 /* BTETests */,
				8179AD53200736C4001678D2 /* BTEUITests */,
			);
		};
/* End PBXProject section */

/* Begin PBXResourcesBuildPhase section */
		8179AD2F200736C4001678D2 /* Resources */ = {
			isa = PBXResourcesBuildPhase;
			buildActionMask = 2147483647;
			files = (
				8179AE5620085FAA001678D2 /* BHAdvisoryShareView in Resources */,
				8179AE5520085FAA001678D2 /* BHArticleShareVIew in Resources */,
				8179AEDD20089DB5001678D2 /* Info.plist in Resources */,
				8179AE5820085FAA001678D2 /* ScreenBlurry in Resources */,
				8179D2F92021D73600C13447 /* KDJ介绍.md in Resources */,
				8179AE8120086175001678D2 /* SSKeychain.strings in Resources */,
				8179AE5920085FAA001678D2 /* BHNoDataTipVIew in Resources */,
				8179AE5B20085FAA001678D2 /* BHNightModeView in Resources */,
				8179AEDB20089DA3001678D2 /* Assets.xcassets in Resources */,
				8179AE5720085FAA001678D2 /* BHNetworkErrorView in Resources */,
				8179D2F52021D73600C13447 /* MA-EMA-MACD介绍.md in Resources */,
				8179D2F72021D73600C13447 /* 指标公式.md in Resources */,
			);
			runOnlyForDeploymentPostprocessing = 0;
		};
		8179AD47200736C4001678D2 /* Resources */ = {
			isa = PBXResourcesBuildPhase;
			buildActionMask = 2147483647;
			files = (
			);
			runOnlyForDeploymentPostprocessing = 0;
		};
		8179AD52200736C4001678D2 /* Resources */ = {
			isa = PBXResourcesBuildPhase;
			buildActionMask = 2147483647;
			files = (
			);
			runOnlyForDeploymentPostprocessing = 0;
		};
/* End PBXResourcesBuildPhase section */

/* Begin PBXShellScriptBuildPhase section */
		5A270A33B2A3DE1459FE69B6 /* [CP] Check Pods Manifest.lock */ = {
			isa = PBXShellScriptBuildPhase;
			buildActionMask = 2147483647;
			files = (
			);
			inputPaths = (
				"${PODS_PODFILE_DIR_PATH}/Podfile.lock",
				"${PODS_ROOT}/Manifest.lock",
			);
			name = "[CP] Check Pods Manifest.lock";
			outputPaths = (
				"$(DERIVED_FILE_DIR)/Pods-BTE-checkManifestLockResult.txt",
			);
			runOnlyForDeploymentPostprocessing = 0;
			shellPath = /bin/sh;
			shellScript = "diff \"${PODS_PODFILE_DIR_PATH}/Podfile.lock\" \"${PODS_ROOT}/Manifest.lock\" > /dev/null\nif [ $? != 0 ] ; then\n    # print error to STDERR\n    echo \"error: The sandbox is not in sync with the Podfile.lock. Run 'pod install' or update your CocoaPods installation.\" >&2\n    exit 1\nfi\n# This output is used by Xcode 'outputs' to avoid re-running this script phase.\necho \"SUCCESS\" > \"${SCRIPT_OUTPUT_FILE_0}\"\n";
			showEnvVarsInLog = 0;
		};
		AD3CC00DBF5F0827473A75B0 /* [CP] Embed Pods Frameworks */ = {
			isa = PBXShellScriptBuildPhase;
			buildActionMask = 2147483647;
			files = (
			);
			inputPaths = (
			);
			name = "[CP] Embed Pods Frameworks";
			outputPaths = (
			);
			runOnlyForDeploymentPostprocessing = 0;
			shellPath = /bin/sh;
			shellScript = "\"${SRCROOT}/Pods/Target Support Files/Pods-BTE/Pods-BTE-frameworks.sh\"\n";
			showEnvVarsInLog = 0;
		};
		D77BAA7A84F3B1825A227459 /* [CP] Copy Pods Resources */ = {
			isa = PBXShellScriptBuildPhase;
			buildActionMask = 2147483647;
			files = (
			);
			inputPaths = (
				"${SRCROOT}/Pods/Target Support Files/Pods-BTE/Pods-BTE-resources.sh",
				"${PODS_ROOT}/MJRefresh/MJRefresh/MJRefresh.bundle",
				"${PODS_ROOT}/SGQRCode/SGQRCode/SGQRCode.bundle",
				"${PODS_ROOT}/UMengUShare/UShareSDK/UMSocialSDK/UMSocialSDKPromptResources.bundle",
				"${PODS_ROOT}/UMengUShare/UShareSDK/UMSocialUI/UMSocialSDKResources.bundle",
			);
			name = "[CP] Copy Pods Resources";
			outputPaths = (
				"${TARGET_BUILD_DIR}/${UNLOCALIZED_RESOURCES_FOLDER_PATH}",
			);
			runOnlyForDeploymentPostprocessing = 0;
			shellPath = /bin/sh;
			shellScript = "\"${SRCROOT}/Pods/Target Support Files/Pods-BTE/Pods-BTE-resources.sh\"\n";
			showEnvVarsInLog = 0;
		};
/* End PBXShellScriptBuildPhase section */

/* Begin PBXSourcesBuildPhase section */
		8179AD2D200736C4001678D2 /* Sources */ = {
			isa = PBXSourcesBuildPhase;
			buildActionMask = 2147483647;
			files = (
				8179AE5420085FAA001678D2 /* BHProgressHUD.m in Sources */,
				8179D2F22021D73600C13447 /* Y_KLineAccessory.m in Sources */,
				8179D2F02021D73600C13447 /* Y_VolumeMAView.m in Sources */,
				8179AE3720085DB5001678D2 /* NSString+CommonFunc.m in Sources */,
				8179AE2220085DB5001678D2 /* UIView+Animation.m in Sources */,
				8179AF0E2008A08C001678D2 /* BHBaseWebViewVC.m in Sources */,
				8179AE3920085DB5001678D2 /* UIImage+help.m in Sources */,
				8179D2ED2021D73600C13447 /* Y_KLineMAView.m in Sources */,
				8179D2F32021D73600C13447 /* Y_AccessoryMAView.m in Sources */,
				8179D2FD2021D73600C13447 /* Y_KLineMainView.m in Sources */,
				8179D2FB2021D73600C13447 /* Y_KLineVolumeView.m in Sources */,
				8179D2F82021D73600C13447 /* Y_KLineGroupModel.m in Sources */,
				8179AE3420085DB5001678D2 /* UIView+Frame.m in Sources */,
				8179AE2820085DB5001678D2 /* UIImage+category.m in Sources */,
				8179D2F62021D73600C13447 /* Y_KLineModel.m in Sources */,
				8112E3B5204541AE00419BC9 /* YQMemoryCache.m in Sources */,
				8179AE2020085DB5001678D2 /* NSObject+entend.m in Sources */,
				8179AF0B2008A08C001678D2 /* BHGuideVC.m in Sources */,
				8179AE2B20085DB5001678D2 /* NSDictionary+safe.m in Sources */,
				8179AE3E20085DB5001678D2 /* NSMutableAttributedString+extension.m in Sources */,
				8179AE2720085DB5001678D2 /* NSString+MD5.m in Sources */,
				816CCD1D2009ED24009E03D2 /* BHVersionTool.m in Sources */,
				8112E3B4204541AE00419BC9 /* YQDiskCache.m in Sources */,
				8179AE2520085DB5001678D2 /* UIFont+extension.m in Sources */,
				8179AEA420087E53001678D2 /* BTERequestTools.m in Sources */,
				8179AE8320086175001678D2 /* SSKeychainQuery.m in Sources */,
				8179AD44200736C4001678D2 /* main.m in Sources */,
				8179AE8520086175001678D2 /* EAIntroView.m in Sources */,
				8179D3002021D73600C13447 /* Y_StockChartSegmentView.m in Sources */,
				8179AE8820086175001678D2 /* DSJSONRPC.m in Sources */,
				8179AF0C2008A08C001678D2 /* BHNavigationController.m in Sources */,
				8179AF102008A08C001678D2 /* BHBaseTableController.m in Sources */,
				8179AE2120085DB5001678D2 /* UITextField+WLB.m in Sources */,
				8179AE3120085DB5001678D2 /* CALayer+Additions.m in Sources */,
				8179AE2A20085DB5001678D2 /* NullSafe.m in Sources */,
				8179D3042021D76B00C13447 /* NetWorking.m in Sources */,
				8179AE5A20085FAA001678D2 /* BHToast.m in Sources */,
				8179AF172009E0A3001678D2 /* BTEHomeWebViewController.m in Sources */,
				8179D2FE2021D73600C13447 /* Y_MALine.m in Sources */,
				8179D3092021D82800C13447 /* ViewController.m in Sources */,
				8179AE4320085DB5001678D2 /* UIView+category.m in Sources */,
				8179AF0F2008A08C001678D2 /* BHBaseController.m in Sources */,
				8112E3B6204541AE00419BC9 /* YQCacheManager.m in Sources */,
				8179AE3820085DB5001678D2 /* UIButton+EnlargeEdge.m in Sources */,
				8179AE9C20086181001678D2 /* BHHexColor.m in Sources */,
				8179AE3B20085DB5001678D2 /* UIImage+Scale.m in Sources */,
				8179AE8620086175001678D2 /* EAIntroPage.m in Sources */,
				8179AF142008A3BA001678D2 /* BTEHomePageViewController.m in Sources */,
				8179AE8220086175001678D2 /* SSKeychain.m in Sources */,
				8179AE3220085DB5001678D2 /* UIAlertController+supportedInterfaceOrientations.m in Sources */,
				8179AE8A20086175001678D2 /* LLSegmentBarConfig.m in Sources */,
				8179D2FA2021D73600C13447 /* Y_KLineVolumePositionModel.m in Sources */,
				8179D2EC2021D73600C13447 /* Y_StockChartView.m in Sources */,
				8179AE3020085DB5001678D2 /* NSString+Size.m in Sources */,
				8179AE2420085DB5001678D2 /* WLScaleLayoutConstrain.m in Sources */,
				8179AE3D20085DB5001678D2 /* UILabel+category.m in Sources */,
				8112E3B3204541AE00419BC9 /* YQLRUManager.m in Sources */,
				8179AE4220085DB5001678D2 /* UIView+UIStatusBar.m in Sources */,
				8179D30A2021D82800C13447 /* Y_StockChartViewController.m in Sources */,
				8179D2EF2021D73600C13447 /* Y_StockChartRightYView.m in Sources */,
				8179AE2620085DB5001678D2 /* NSMutableArray+safe.m in Sources */,
				8179AE2920085DB5001678D2 /* UIView+Extend.m in Sources */,
				8179D2F42021D73600C13447 /* Y_KLinePositionModel.m in Sources */,
				816CCD202009F06A009E03D2 /* BTEUpgradeViewController.m in Sources */,
				8179D2EE2021D73600C13447 /* Y_KLineView.m in Sources */,
				8179AE3C20085DB5001678D2 /* NSString+category.m in Sources */,
				8179AE4020085DB5001678D2 /* NSDate+Categoey.m in Sources */,
				8112E3B8204541AE00419BC9 /* YQNetworking.m in Sources */,
				8179AE3320085DB5001678D2 /* UIViewController+extend.m in Sources */,
				8179D2EA2021D73600C13447 /* Y_StockChartGlobalVariable.m in Sources */,
				8179AE2E20085DB5001678D2 /* NSObject+JSONParse.m in Sources */,
				8179D2FF2021D73600C13447 /* Y_KLine.m in Sources */,
				8179AE2320085DB5001678D2 /* NSObject+swizzling.m in Sources */,
				8179AE3F20085DB5001678D2 /* NSTimer+addition.m in Sources */,
				8179AE4120085DB5001678D2 /* NSNull+safe.m in Sources */,
				8179AE2F20085DB5001678D2 /* UIBarButtonItem+XboyItem.m in Sources */,
				8179AE8B20086175001678D2 /* LLSegmentBar.m in Sources */,
				8179D2EB2021D73600C13447 /* UIColor+Y_StockChart.m in Sources */,
				8179AE8920086175001678D2 /* UIView+LLSegmentBar.m in Sources */,
				8179AED820089D43001678D2 /* AppDelegate.m in Sources */,
				8179D2F12021D73600C13447 /* Y_KLineAccessoryView.m in Sources */,
				8179AE8720086175001678D2 /* DSJSONRPCError.m in Sources */,
				8179AE2C20085DB5001678D2 /* UIButton+avoidMultiTouch.m in Sources */,
				8179AE2D20085DB5001678D2 /* NSArray+description.m in Sources */,
				8112E3B7204541AE00419BC9 /* YQNetworking+RequestManager.m in Sources */,
				8179AE8C20086175001678D2 /* LLSegmentBarVC.m in Sources */,
				8179D2FC2021D73600C13447 /* Y_KLineVolume.m in Sources */,
				8179AE3A20085DB5001678D2 /* UIColor+Externsion.m in Sources */,
			);
			runOnlyForDeploymentPostprocessing = 0;
		};
		8179AD45200736C4001678D2 /* Sources */ = {
			isa = PBXSourcesBuildPhase;
			buildActionMask = 2147483647;
			files = (
				8179AD4E200736C4001678D2 /* BTETests.m in Sources */,
			);
			runOnlyForDeploymentPostprocessing = 0;
		};
		8179AD50200736C4001678D2 /* Sources */ = {
			isa = PBXSourcesBuildPhase;
			buildActionMask = 2147483647;
			files = (
				8179AD59200736C4001678D2 /* BTEUITests.m in Sources */,
			);
			runOnlyForDeploymentPostprocessing = 0;
		};
/* End PBXSourcesBuildPhase section */

/* Begin PBXTargetDependency section */
		8179AD4B200736C4001678D2 /* PBXTargetDependency */ = {
			isa = PBXTargetDependency;
			target = 8179AD30200736C4001678D2 /* BTE */;
			targetProxy = 8179AD4A200736C4001678D2 /* PBXContainerItemProxy */;
		};
		8179AD56200736C4001678D2 /* PBXTargetDependency */ = {
			isa = PBXTargetDependency;
			target = 8179AD30200736C4001678D2 /* BTE */;
			targetProxy = 8179AD55200736C4001678D2 /* PBXContainerItemProxy */;
		};
/* End PBXTargetDependency section */

/* Begin XCBuildConfiguration section */
		8179AD5B200736C4001678D2 /* Debug */ = {
			isa = XCBuildConfiguration;
			buildSettings = {
				ALWAYS_SEARCH_USER_PATHS = NO;
				CLANG_ANALYZER_NONNULL = YES;
				CLANG_ANALYZER_NUMBER_OBJECT_CONVERSION = YES_AGGRESSIVE;
				CLANG_CXX_LANGUAGE_STANDARD = "gnu++14";
				CLANG_CXX_LIBRARY = "libc++";
				CLANG_ENABLE_MODULES = YES;
				CLANG_ENABLE_OBJC_ARC = YES;
				CLANG_WARN_BLOCK_CAPTURE_AUTORELEASING = YES;
				CLANG_WARN_BOOL_CONVERSION = YES;
				CLANG_WARN_COMMA = YES;
				CLANG_WARN_CONSTANT_CONVERSION = YES;
				CLANG_WARN_DIRECT_OBJC_ISA_USAGE = YES_ERROR;
				CLANG_WARN_DOCUMENTATION_COMMENTS = YES;
				CLANG_WARN_EMPTY_BODY = YES;
				CLANG_WARN_ENUM_CONVERSION = YES;
				CLANG_WARN_INFINITE_RECURSION = YES;
				CLANG_WARN_INT_CONVERSION = YES;
				CLANG_WARN_NON_LITERAL_NULL_CONVERSION = YES;
				CLANG_WARN_OBJC_LITERAL_CONVERSION = YES;
				CLANG_WARN_OBJC_ROOT_CLASS = YES_ERROR;
				CLANG_WARN_RANGE_LOOP_ANALYSIS = YES;
				CLANG_WARN_STRICT_PROTOTYPES = YES;
				CLANG_WARN_SUSPICIOUS_MOVE = YES;
				CLANG_WARN_UNGUARDED_AVAILABILITY = YES_AGGRESSIVE;
				CLANG_WARN_UNREACHABLE_CODE = YES;
				CLANG_WARN__DUPLICATE_METHOD_MATCH = YES;
				CODE_SIGN_IDENTITY = "iPhone Developer";
				COPY_PHASE_STRIP = NO;
				DEBUG_INFORMATION_FORMAT = dwarf;
				ENABLE_STRICT_OBJC_MSGSEND = YES;
				ENABLE_TESTABILITY = YES;
				GCC_C_LANGUAGE_STANDARD = gnu11;
				GCC_DYNAMIC_NO_PIC = NO;
				GCC_NO_COMMON_BLOCKS = YES;
				GCC_OPTIMIZATION_LEVEL = 0;
				GCC_PREPROCESSOR_DEFINITIONS = (
					"DEBUG=1",
					"$(inherited)",
				);
				GCC_WARN_64_TO_32_BIT_CONVERSION = YES;
				GCC_WARN_ABOUT_RETURN_TYPE = YES_ERROR;
				GCC_WARN_UNDECLARED_SELECTOR = YES;
				GCC_WARN_UNINITIALIZED_AUTOS = YES_AGGRESSIVE;
				GCC_WARN_UNUSED_FUNCTION = YES;
				GCC_WARN_UNUSED_VARIABLE = YES;
				IPHONEOS_DEPLOYMENT_TARGET = 11.2;
				MTL_ENABLE_DEBUG_INFO = YES;
				ONLY_ACTIVE_ARCH = YES;
				SDKROOT = iphoneos;
			};
			name = Debug;
		};
		8179AD5C200736C4001678D2 /* Release */ = {
			isa = XCBuildConfiguration;
			buildSettings = {
				ALWAYS_SEARCH_USER_PATHS = NO;
				CLANG_ANALYZER_NONNULL = YES;
				CLANG_ANALYZER_NUMBER_OBJECT_CONVERSION = YES_AGGRESSIVE;
				CLANG_CXX_LANGUAGE_STANDARD = "gnu++14";
				CLANG_CXX_LIBRARY = "libc++";
				CLANG_ENABLE_MODULES = YES;
				CLANG_ENABLE_OBJC_ARC = YES;
				CLANG_WARN_BLOCK_CAPTURE_AUTORELEASING = YES;
				CLANG_WARN_BOOL_CONVERSION = YES;
				CLANG_WARN_COMMA = YES;
				CLANG_WARN_CONSTANT_CONVERSION = YES;
				CLANG_WARN_DIRECT_OBJC_ISA_USAGE = YES_ERROR;
				CLANG_WARN_DOCUMENTATION_COMMENTS = YES;
				CLANG_WARN_EMPTY_BODY = YES;
				CLANG_WARN_ENUM_CONVERSION = YES;
				CLANG_WARN_INFINITE_RECURSION = YES;
				CLANG_WARN_INT_CONVERSION = YES;
				CLANG_WARN_NON_LITERAL_NULL_CONVERSION = YES;
				CLANG_WARN_OBJC_LITERAL_CONVERSION = YES;
				CLANG_WARN_OBJC_ROOT_CLASS = YES_ERROR;
				CLANG_WARN_RANGE_LOOP_ANALYSIS = YES;
				CLANG_WARN_STRICT_PROTOTYPES = YES;
				CLANG_WARN_SUSPICIOUS_MOVE = YES;
				CLANG_WARN_UNGUARDED_AVAILABILITY = YES_AGGRESSIVE;
				CLANG_WARN_UNREACHABLE_CODE = YES;
				CLANG_WARN__DUPLICATE_METHOD_MATCH = YES;
				CODE_SIGN_IDENTITY = "iPhone Developer";
				COPY_PHASE_STRIP = NO;
				DEBUG_INFORMATION_FORMAT = "dwarf-with-dsym";
				ENABLE_NS_ASSERTIONS = NO;
				ENABLE_STRICT_OBJC_MSGSEND = YES;
				GCC_C_LANGUAGE_STANDARD = gnu11;
				GCC_NO_COMMON_BLOCKS = YES;
				GCC_WARN_64_TO_32_BIT_CONVERSION = YES;
				GCC_WARN_ABOUT_RETURN_TYPE = YES_ERROR;
				GCC_WARN_UNDECLARED_SELECTOR = YES;
				GCC_WARN_UNINITIALIZED_AUTOS = YES_AGGRESSIVE;
				GCC_WARN_UNUSED_FUNCTION = YES;
				GCC_WARN_UNUSED_VARIABLE = YES;
				IPHONEOS_DEPLOYMENT_TARGET = 11.2;
				MTL_ENABLE_DEBUG_INFO = NO;
				SDKROOT = iphoneos;
				VALIDATE_PRODUCT = YES;
			};
			name = Release;
		};
		8179AD5E200736C4001678D2 /* Debug */ = {
			isa = XCBuildConfiguration;
			baseConfigurationReference = 29D8AD9E35E9375EF64E62DB /* Pods-BTE.debug.xcconfig */;
			buildSettings = {
				ASSETCATALOG_COMPILER_APPICON_NAME = AppIcon;
				ASSETCATALOG_COMPILER_LAUNCHIMAGE_NAME = LaunchImage;
				CODE_SIGN_STYLE = Manual;
				DEVELOPMENT_TEAM = 696JEW54Q7;
				GCC_PRECOMPILE_PREFIX_HEADER = YES;
				GCC_PREFIX_HEADER = "$(SRCROOT)/BTE/Headers/BTEPrefixHeader.pch";
				INFOPLIST_FILE = BTE/Info.plist;
				IPHONEOS_DEPLOYMENT_TARGET = 8.0;
				LD_RUNPATH_SEARCH_PATHS = "$(inherited) @executable_path/Frameworks";
				PRODUCT_BUNDLE_IDENTIFIER = com.BTE.iosapp;
				PRODUCT_NAME = "$(TARGET_NAME)";
				PROVISIONING_PROFILE = "d125a077-5f05-428d-8069-51d4bbda2604";
				PROVISIONING_PROFILE_SPECIFIER = Develop_profile_bte;
				TARGETED_DEVICE_FAMILY = 1;
			};
			name = Debug;
		};
		8179AD5F200736C4001678D2 /* Release */ = {
			isa = XCBuildConfiguration;
			baseConfigurationReference = 0E4C8167B3C42BE19D5A72FB /* Pods-BTE.release.xcconfig */;
			buildSettings = {
				ASSETCATALOG_COMPILER_APPICON_NAME = AppIcon;
				ASSETCATALOG_COMPILER_LAUNCHIMAGE_NAME = LaunchImage;
				CODE_SIGN_STYLE = Manual;
				DEVELOPMENT_TEAM = 696JEW54Q7;
				GCC_PRECOMPILE_PREFIX_HEADER = YES;
				GCC_PREFIX_HEADER = "$(SRCROOT)/BTE/Headers/BTEPrefixHeader.pch";
				INFOPLIST_FILE = BTE/Info.plist;
				IPHONEOS_DEPLOYMENT_TARGET = 8.0;
				LD_RUNPATH_SEARCH_PATHS = "$(inherited) @executable_path/Frameworks";
				PRODUCT_BUNDLE_IDENTIFIER = com.BTE.iosapp;
				PRODUCT_NAME = "$(TARGET_NAME)";
				PROVISIONING_PROFILE = "d125a077-5f05-428d-8069-51d4bbda2604";
				PROVISIONING_PROFILE_SPECIFIER = Develop_profile_bte;
				TARGETED_DEVICE_FAMILY = 1;
			};
			name = Release;
		};
		8179AD61200736C4001678D2 /* Debug */ = {
			isa = XCBuildConfiguration;
			buildSettings = {
				BUNDLE_LOADER = "$(TEST_HOST)";
				CODE_SIGN_STYLE = Automatic;
				INFOPLIST_FILE = BTETests/Info.plist;
				LD_RUNPATH_SEARCH_PATHS = "$(inherited) @executable_path/Frameworks @loader_path/Frameworks";
				PRODUCT_BUNDLE_IDENTIFIER = com.wangli.BTETests;
				PRODUCT_NAME = "$(TARGET_NAME)";
				TARGETED_DEVICE_FAMILY = "1,2";
				TEST_HOST = "$(BUILT_PRODUCTS_DIR)/BTE.app/BTE";
			};
			name = Debug;
		};
		8179AD62200736C4001678D2 /* Release */ = {
			isa = XCBuildConfiguration;
			buildSettings = {
				BUNDLE_LOADER = "$(TEST_HOST)";
				CODE_SIGN_STYLE = Automatic;
				INFOPLIST_FILE = BTETests/Info.plist;
				LD_RUNPATH_SEARCH_PATHS = "$(inherited) @executable_path/Frameworks @loader_path/Frameworks";
				PRODUCT_BUNDLE_IDENTIFIER = com.wangli.BTETests;
				PRODUCT_NAME = "$(TARGET_NAME)";
				TARGETED_DEVICE_FAMILY = "1,2";
				TEST_HOST = "$(BUILT_PRODUCTS_DIR)/BTE.app/BTE";
			};
			name = Release;
		};
		8179AD64200736C4001678D2 /* Debug */ = {
			isa = XCBuildConfiguration;
			buildSettings = {
				CODE_SIGN_STYLE = Automatic;
				INFOPLIST_FILE = BTEUITests/Info.plist;
				LD_RUNPATH_SEARCH_PATHS = "$(inherited) @executable_path/Frameworks @loader_path/Frameworks";
				PRODUCT_BUNDLE_IDENTIFIER = com.wangli.BTEUITests;
				PRODUCT_NAME = "$(TARGET_NAME)";
				TARGETED_DEVICE_FAMILY = "1,2";
				TEST_TARGET_NAME = BTE;
			};
			name = Debug;
		};
		8179AD65200736C4001678D2 /* Release */ = {
			isa = XCBuildConfiguration;
			buildSettings = {
				CODE_SIGN_STYLE = Automatic;
				INFOPLIST_FILE = BTEUITests/Info.plist;
				LD_RUNPATH_SEARCH_PATHS = "$(inherited) @executable_path/Frameworks @loader_path/Frameworks";
				PRODUCT_BUNDLE_IDENTIFIER = com.wangli.BTEUITests;
				PRODUCT_NAME = "$(TARGET_NAME)";
				TARGETED_DEVICE_FAMILY = "1,2";
				TEST_TARGET_NAME = BTE;
			};
			name = Release;
		};
/* End XCBuildConfiguration section */

/* Begin XCConfigurationList section */
		8179AD2C200736C4001678D2 /* Build configuration list for PBXProject "BTE" */ = {
			isa = XCConfigurationList;
			buildConfigurations = (
				8179AD5B200736C4001678D2 /* Debug */,
				8179AD5C200736C4001678D2 /* Release */,
			);
			defaultConfigurationIsVisible = 0;
			defaultConfigurationName = Release;
		};
		8179AD5D200736C4001678D2 /* Build configuration list for PBXNativeTarget "BTE" */ = {
			isa = XCConfigurationList;
			buildConfigurations = (
				8179AD5E200736C4001678D2 /* Debug */,
				8179AD5F200736C4001678D2 /* Release */,
			);
			defaultConfigurationIsVisible = 0;
			defaultConfigurationName = Release;
		};
		8179AD60200736C4001678D2 /* Build configuration list for PBXNativeTarget "BTETests" */ = {
			isa = XCConfigurationList;
			buildConfigurations = (
				8179AD61200736C4001678D2 /* Debug */,
				8179AD62200736C4001678D2 /* Release */,
			);
			defaultConfigurationIsVisible = 0;
			defaultConfigurationName = Release;
		};
		8179AD63200736C4001678D2 /* Build configuration list for PBXNativeTarget "BTEUITests" */ = {
			isa = XCConfigurationList;
			buildConfigurations = (
				8179AD64200736C4001678D2 /* Debug */,
				8179AD65200736C4001678D2 /* Release */,
			);
			defaultConfigurationIsVisible = 0;
			defaultConfigurationName = Release;
		};
/* End XCConfigurationList section */
	};
	rootObject = 8179AD29200736C4001678D2 /* Project object */;
}
